// !$*UTF8*$!
{
	archiveVersion = 1;
	classes = {
	};
	objectVersion = 46;
	objects = {

/* Begin PBXBuildFile section */
		28916753185AF30F00142F81 /* Foundation.framework in Frameworks */ = {isa = PBXBuildFile; fileRef = 28916752185AF30F00142F81 /* Foundation.framework */; };
		28916755185AF30F00142F81 /* CoreGraphics.framework in Frameworks */ = {isa = PBXBuildFile; fileRef = 28916754185AF30F00142F81 /* CoreGraphics.framework */; };
		28916757185AF30F00142F81 /* UIKit.framework in Frameworks */ = {isa = PBXBuildFile; fileRef = 28916756185AF30F00142F81 /* UIKit.framework */; };
		28916759185AF30F00142F81 /* CoreData.framework in Frameworks */ = {isa = PBXBuildFile; fileRef = 28916758185AF30F00142F81 /* CoreData.framework */; };
		2891675F185AF30F00142F81 /* InfoPlist.strings in Resources */ = {isa = PBXBuildFile; fileRef = 2891675D185AF30F00142F81 /* InfoPlist.strings */; };
		28916761185AF30F00142F81 /* main.m in Sources */ = {isa = PBXBuildFile; fileRef = 28916760185AF30F00142F81 /* main.m */; };
		28916765185AF30F00142F81 /* AppDelegate.m in Sources */ = {isa = PBXBuildFile; fileRef = 28916764185AF30F00142F81 /* AppDelegate.m */; };
		28916768185AF30F00142F81 /* Main.storyboard in Resources */ = {isa = PBXBuildFile; fileRef = 28916766185AF30F00142F81 /* Main.storyboard */; };
		2891676E185AF30F00142F81 /* Easy.xcdatamodeld in Sources */ = {isa = PBXBuildFile; fileRef = 2891676C185AF30F00142F81 /* Easy.xcdatamodeld */; };
		28916771185AF30F00142F81 /* MasterViewController.m in Sources */ = {isa = PBXBuildFile; fileRef = 28916770185AF30F00142F81 /* MasterViewController.m */; };
		28916774185AF30F00142F81 /* DetailViewController.m in Sources */ = {isa = PBXBuildFile; fileRef = 28916773185AF30F00142F81 /* DetailViewController.m */; };
		28916776185AF30F00142F81 /* Images.xcassets in Resources */ = {isa = PBXBuildFile; fileRef = 28916775185AF30F00142F81 /* Images.xcassets */; };
		2891677D185AF30F00142F81 /* XCTest.framework in Frameworks */ = {isa = PBXBuildFile; fileRef = 2891677C185AF30F00142F81 /* XCTest.framework */; };
		2891677E185AF30F00142F81 /* Foundation.framework in Frameworks */ = {isa = PBXBuildFile; fileRef = 28916752185AF30F00142F81 /* Foundation.framework */; };
		2891677F185AF30F00142F81 /* UIKit.framework in Frameworks */ = {isa = PBXBuildFile; fileRef = 28916756185AF30F00142F81 /* UIKit.framework */; };
		28916780185AF30F00142F81 /* CoreData.framework in Frameworks */ = {isa = PBXBuildFile; fileRef = 28916758185AF30F00142F81 /* CoreData.framework */; };
		28916788185AF30F00142F81 /* InfoPlist.strings in Resources */ = {isa = PBXBuildFile; fileRef = 28916786185AF30F00142F81 /* InfoPlist.strings */; };
		2891678A185AF30F00142F81 /* EasyTests.m in Sources */ = {isa = PBXBuildFile; fileRef = 28916789185AF30F00142F81 /* EasyTests.m */; };
		28C88BD2197FAB5200383BDC /* MasterTableViewCell.m in Sources */ = {isa = PBXBuildFile; fileRef = 28C88BD1197FAB5200383BDC /* MasterTableViewCell.m */; };
		28CFA1EF197F9F5100959EAD /* User.m in Sources */ = {isa = PBXBuildFile; fileRef = 28CFA1EE197F9F5100959EAD /* User.m */; };
		28CFA1F2197F9F5200959EAD /* Post.m in Sources */ = {isa = PBXBuildFile; fileRef = 28CFA1F1197F9F5200959EAD /* Post.m */; };
		28FD718B1B0B40FD00038809 /* EntityMappingManager.m in Sources */ = {isa = PBXBuildFile; fileRef = 28FD718A1B0B40FD00038809 /* EntityMappingManager.m */; };
		28FD718C1B0B40FD00038809 /* EntityMappingManager.m in Sources */ = {isa = PBXBuildFile; fileRef = 28FD718A1B0B40FD00038809 /* EntityMappingManager.m */; };
		28FF469B1B0C319B0077BAC6 /* CoreDataStore.m in Sources */ = {isa = PBXBuildFile; fileRef = 28FF462D1B0C319A0077BAC6 /* CoreDataStore.m */; };
		28FF469C1B0C319B0077BAC6 /* CoreDataStore.m in Sources */ = {isa = PBXBuildFile; fileRef = 28FF462D1B0C319A0077BAC6 /* CoreDataStore.m */; };
		28FF469D1B0C319B0077BAC6 /* NSFetchedResultsController+Easy.m in Sources */ = {isa = PBXBuildFile; fileRef = 28FF462F1B0C319A0077BAC6 /* NSFetchedResultsController+Easy.m */; };
		28FF469E1B0C319B0077BAC6 /* NSFetchedResultsController+Easy.m in Sources */ = {isa = PBXBuildFile; fileRef = 28FF462F1B0C319A0077BAC6 /* NSFetchedResultsController+Easy.m */; };
		28FF469F1B0C319B0077BAC6 /* NSFetchRequest+Easy.m in Sources */ = {isa = PBXBuildFile; fileRef = 28FF46311B0C319A0077BAC6 /* NSFetchRequest+Easy.m */; };
		28FF46A01B0C319B0077BAC6 /* NSFetchRequest+Easy.m in Sources */ = {isa = PBXBuildFile; fileRef = 28FF46311B0C319A0077BAC6 /* NSFetchRequest+Easy.m */; };
		28FF46A11B0C319B0077BAC6 /* NSManagedObject+Easy.m in Sources */ = {isa = PBXBuildFile; fileRef = 28FF46331B0C319A0077BAC6 /* NSManagedObject+Easy.m */; };
		28FF46A21B0C319B0077BAC6 /* NSManagedObject+Easy.m in Sources */ = {isa = PBXBuildFile; fileRef = 28FF46331B0C319A0077BAC6 /* NSManagedObject+Easy.m */; };
		28FF46A31B0C319B0077BAC6 /* NSManagedObjectContext+Easy.m in Sources */ = {isa = PBXBuildFile; fileRef = 28FF46351B0C319A0077BAC6 /* NSManagedObjectContext+Easy.m */; };
		28FF46A41B0C319B0077BAC6 /* NSManagedObjectContext+Easy.m in Sources */ = {isa = PBXBuildFile; fileRef = 28FF46351B0C319A0077BAC6 /* NSManagedObjectContext+Easy.m */; };
		28FF46A51B0C319B0077BAC6 /* ApplicationInfo.m in Sources */ = {isa = PBXBuildFile; fileRef = 28FF46391B0C319A0077BAC6 /* ApplicationInfo.m */; };
		28FF46A61B0C319B0077BAC6 /* ApplicationInfo.m in Sources */ = {isa = PBXBuildFile; fileRef = 28FF46391B0C319A0077BAC6 /* ApplicationInfo.m */; };
		28FF46A71B0C319B0077BAC6 /* CLGeocoder+Easy.m in Sources */ = {isa = PBXBuildFile; fileRef = 28FF463B1B0C319A0077BAC6 /* CLGeocoder+Easy.m */; };
		28FF46A81B0C319B0077BAC6 /* CLGeocoder+Easy.m in Sources */ = {isa = PBXBuildFile; fileRef = 28FF463B1B0C319A0077BAC6 /* CLGeocoder+Easy.m */; };
		28FF46A91B0C319B0077BAC6 /* LanguageManager.m in Sources */ = {isa = PBXBuildFile; fileRef = 28FF463D1B0C319A0077BAC6 /* LanguageManager.m */; };
		28FF46AA1B0C319B0077BAC6 /* LanguageManager.m in Sources */ = {isa = PBXBuildFile; fileRef = 28FF463D1B0C319A0077BAC6 /* LanguageManager.m */; };
		28FF46AB1B0C319B0077BAC6 /* LocationManager.m in Sources */ = {isa = PBXBuildFile; fileRef = 28FF463F1B0C319A0077BAC6 /* LocationManager.m */; };
		28FF46AC1B0C319B0077BAC6 /* LocationManager.m in Sources */ = {isa = PBXBuildFile; fileRef = 28FF463F1B0C319A0077BAC6 /* LocationManager.m */; };
		28FF46AD1B0C319B0077BAC6 /* NSArray+Easy.m in Sources */ = {isa = PBXBuildFile; fileRef = 28FF46421B0C319A0077BAC6 /* NSArray+Easy.m */; };
		28FF46AE1B0C319B0077BAC6 /* NSArray+Easy.m in Sources */ = {isa = PBXBuildFile; fileRef = 28FF46421B0C319A0077BAC6 /* NSArray+Easy.m */; };
		28FF46AF1B0C319B0077BAC6 /* NSCalendar+Easy.m in Sources */ = {isa = PBXBuildFile; fileRef = 28FF46441B0C319A0077BAC6 /* NSCalendar+Easy.m */; };
		28FF46B01B0C319B0077BAC6 /* NSCalendar+Easy.m in Sources */ = {isa = PBXBuildFile; fileRef = 28FF46441B0C319A0077BAC6 /* NSCalendar+Easy.m */; };
		28FF46B11B0C319B0077BAC6 /* NSData+Easy.m in Sources */ = {isa = PBXBuildFile; fileRef = 28FF46461B0C319A0077BAC6 /* NSData+Easy.m */; };
		28FF46B21B0C319B0077BAC6 /* NSData+Easy.m in Sources */ = {isa = PBXBuildFile; fileRef = 28FF46461B0C319A0077BAC6 /* NSData+Easy.m */; };
		28FF46B31B0C319B0077BAC6 /* NSDate+Easy.m in Sources */ = {isa = PBXBuildFile; fileRef = 28FF46481B0C319A0077BAC6 /* NSDate+Easy.m */; };
		28FF46B41B0C319B0077BAC6 /* NSDate+Easy.m in Sources */ = {isa = PBXBuildFile; fileRef = 28FF46481B0C319A0077BAC6 /* NSDate+Easy.m */; };
		28FF46B51B0C319B0077BAC6 /* NSDateFormatter+Easy.m in Sources */ = {isa = PBXBuildFile; fileRef = 28FF464A1B0C319A0077BAC6 /* NSDateFormatter+Easy.m */; };
		28FF46B61B0C319B0077BAC6 /* NSDateFormatter+Easy.m in Sources */ = {isa = PBXBuildFile; fileRef = 28FF464A1B0C319A0077BAC6 /* NSDateFormatter+Easy.m */; };
		28FF46B71B0C319B0077BAC6 /* NSDictionary+Easy.m in Sources */ = {isa = PBXBuildFile; fileRef = 28FF464C1B0C319B0077BAC6 /* NSDictionary+Easy.m */; };
		28FF46B81B0C319B0077BAC6 /* NSDictionary+Easy.m in Sources */ = {isa = PBXBuildFile; fileRef = 28FF464C1B0C319B0077BAC6 /* NSDictionary+Easy.m */; };
		28FF46B91B0C319B0077BAC6 /* NSLocale+Easy.m in Sources */ = {isa = PBXBuildFile; fileRef = 28FF464E1B0C319B0077BAC6 /* NSLocale+Easy.m */; };
		28FF46BA1B0C319B0077BAC6 /* NSLocale+Easy.m in Sources */ = {isa = PBXBuildFile; fileRef = 28FF464E1B0C319B0077BAC6 /* NSLocale+Easy.m */; };
		28FF46BB1B0C319B0077BAC6 /* NSMutableArray+Easy.m in Sources */ = {isa = PBXBuildFile; fileRef = 28FF46501B0C319B0077BAC6 /* NSMutableArray+Easy.m */; };
		28FF46BC1B0C319B0077BAC6 /* NSMutableArray+Easy.m in Sources */ = {isa = PBXBuildFile; fileRef = 28FF46501B0C319B0077BAC6 /* NSMutableArray+Easy.m */; };
		28FF46BD1B0C319B0077BAC6 /* NSMutableDictionary+Easy.m in Sources */ = {isa = PBXBuildFile; fileRef = 28FF46521B0C319B0077BAC6 /* NSMutableDictionary+Easy.m */; };
		28FF46BE1B0C319B0077BAC6 /* NSMutableDictionary+Easy.m in Sources */ = {isa = PBXBuildFile; fileRef = 28FF46521B0C319B0077BAC6 /* NSMutableDictionary+Easy.m */; };
		28FF46BF1B0C319B0077BAC6 /* NSMutableString+Easy.m in Sources */ = {isa = PBXBuildFile; fileRef = 28FF46541B0C319B0077BAC6 /* NSMutableString+Easy.m */; };
		28FF46C01B0C319B0077BAC6 /* NSMutableString+Easy.m in Sources */ = {isa = PBXBuildFile; fileRef = 28FF46541B0C319B0077BAC6 /* NSMutableString+Easy.m */; };
		28FF46C11B0C319B0077BAC6 /* NSObject+Easy.m in Sources */ = {isa = PBXBuildFile; fileRef = 28FF46561B0C319B0077BAC6 /* NSObject+Easy.m */; };
		28FF46C21B0C319B0077BAC6 /* NSObject+Easy.m in Sources */ = {isa = PBXBuildFile; fileRef = 28FF46561B0C319B0077BAC6 /* NSObject+Easy.m */; };
		28FF46C31B0C319B0077BAC6 /* NSOperation+Easy.m in Sources */ = {isa = PBXBuildFile; fileRef = 28FF46581B0C319B0077BAC6 /* NSOperation+Easy.m */; };
		28FF46C41B0C319B0077BAC6 /* NSOperation+Easy.m in Sources */ = {isa = PBXBuildFile; fileRef = 28FF46581B0C319B0077BAC6 /* NSOperation+Easy.m */; };
		28FF46C51B0C319B0077BAC6 /* NSSet+Easy.m in Sources */ = {isa = PBXBuildFile; fileRef = 28FF465A1B0C319B0077BAC6 /* NSSet+Easy.m */; };
		28FF46C61B0C319B0077BAC6 /* NSSet+Easy.m in Sources */ = {isa = PBXBuildFile; fileRef = 28FF465A1B0C319B0077BAC6 /* NSSet+Easy.m */; };
		28FF46C71B0C319B0077BAC6 /* NSString+Easy.m in Sources */ = {isa = PBXBuildFile; fileRef = 28FF465C1B0C319B0077BAC6 /* NSString+Easy.m */; };
		28FF46C81B0C319B0077BAC6 /* NSString+Easy.m in Sources */ = {isa = PBXBuildFile; fileRef = 28FF465C1B0C319B0077BAC6 /* NSString+Easy.m */; };
		28FF46C91B0C319B0077BAC6 /* NSTimeZone+Easy.m in Sources */ = {isa = PBXBuildFile; fileRef = 28FF465E1B0C319B0077BAC6 /* NSTimeZone+Easy.m */; };
		28FF46CA1B0C319B0077BAC6 /* NSTimeZone+Easy.m in Sources */ = {isa = PBXBuildFile; fileRef = 28FF465E1B0C319B0077BAC6 /* NSTimeZone+Easy.m */; };
		28FF46CB1B0C319B0077BAC6 /* UIApplication+Easy.m in Sources */ = {isa = PBXBuildFile; fileRef = 28FF46601B0C319B0077BAC6 /* UIApplication+Easy.m */; };
		28FF46CC1B0C319B0077BAC6 /* UIApplication+Easy.m in Sources */ = {isa = PBXBuildFile; fileRef = 28FF46601B0C319B0077BAC6 /* UIApplication+Easy.m */; };
		28FF46CD1B0C319B0077BAC6 /* XMLGenerator.m in Sources */ = {isa = PBXBuildFile; fileRef = 28FF46621B0C319B0077BAC6 /* XMLGenerator.m */; };
		28FF46CE1B0C319B0077BAC6 /* XMLGenerator.m in Sources */ = {isa = PBXBuildFile; fileRef = 28FF46621B0C319B0077BAC6 /* XMLGenerator.m */; };
		28FF46CF1B0C319B0077BAC6 /* XMLParser.m in Sources */ = {isa = PBXBuildFile; fileRef = 28FF46641B0C319B0077BAC6 /* XMLParser.m */; };
		28FF46D01B0C319B0077BAC6 /* XMLParser.m in Sources */ = {isa = PBXBuildFile; fileRef = 28FF46641B0C319B0077BAC6 /* XMLParser.m */; };
		28FF46D11B0C319B0077BAC6 /* NSManagedObject+Mapping.m in Sources */ = {isa = PBXBuildFile; fileRef = 28FF46681B0C319B0077BAC6 /* NSManagedObject+Mapping.m */; };
		28FF46D21B0C319B0077BAC6 /* NSManagedObject+Mapping.m in Sources */ = {isa = PBXBuildFile; fileRef = 28FF46681B0C319B0077BAC6 /* NSManagedObject+Mapping.m */; };
		28FF46D31B0C319B0077BAC6 /* NSObject+Mapping.m in Sources */ = {isa = PBXBuildFile; fileRef = 28FF466A1B0C319B0077BAC6 /* NSObject+Mapping.m */; };
		28FF46D41B0C319B0077BAC6 /* NSObject+Mapping.m in Sources */ = {isa = PBXBuildFile; fileRef = 28FF466A1B0C319B0077BAC6 /* NSObject+Mapping.m */; };
		28FF46D51B0C319B0077BAC6 /* BlurView.m in Sources */ = {isa = PBXBuildFile; fileRef = 28FF466D1B0C319B0077BAC6 /* BlurView.m */; };
		28FF46D61B0C319B0077BAC6 /* BlurView.m in Sources */ = {isa = PBXBuildFile; fileRef = 28FF466D1B0C319B0077BAC6 /* BlurView.m */; };
		28FF46D71B0C319B0077BAC6 /* CIImage+Easy.m in Sources */ = {isa = PBXBuildFile; fileRef = 28FF466F1B0C319B0077BAC6 /* CIImage+Easy.m */; };
		28FF46D81B0C319B0077BAC6 /* CIImage+Easy.m in Sources */ = {isa = PBXBuildFile; fileRef = 28FF466F1B0C319B0077BAC6 /* CIImage+Easy.m */; };
		28FF46D91B0C319B0077BAC6 /* EasyDraggableView.m in Sources */ = {isa = PBXBuildFile; fileRef = 28FF46711B0C319B0077BAC6 /* EasyDraggableView.m */; };
		28FF46DA1B0C319B0077BAC6 /* EasyDraggableView.m in Sources */ = {isa = PBXBuildFile; fileRef = 28FF46711B0C319B0077BAC6 /* EasyDraggableView.m */; };
		28FF46DB1B0C319B0077BAC6 /* EasyLabel.m in Sources */ = {isa = PBXBuildFile; fileRef = 28FF46731B0C319B0077BAC6 /* EasyLabel.m */; };
		28FF46DC1B0C319B0077BAC6 /* EasyLabel.m in Sources */ = {isa = PBXBuildFile; fileRef = 28FF46731B0C319B0077BAC6 /* EasyLabel.m */; };
		28FF46DD1B0C319B0077BAC6 /* UIImage+ImageEffects.m in Sources */ = {isa = PBXBuildFile; fileRef = 28FF46761B0C319B0077BAC6 /* UIImage+ImageEffects.m */; };
		28FF46DE1B0C319B0077BAC6 /* UIImage+ImageEffects.m in Sources */ = {isa = PBXBuildFile; fileRef = 28FF46761B0C319B0077BAC6 /* UIImage+ImageEffects.m */; };
		28FF46DF1B0C319B0077BAC6 /* ProgressHUDViewController.m in Sources */ = {isa = PBXBuildFile; fileRef = 28FF46781B0C319B0077BAC6 /* ProgressHUDViewController.m */; };
		28FF46E01B0C319B0077BAC6 /* ProgressHUDViewController.m in Sources */ = {isa = PBXBuildFile; fileRef = 28FF46781B0C319B0077BAC6 /* ProgressHUDViewController.m */; };
		28FF46E11B0C319B0077BAC6 /* UIAlertView+Easy.m in Sources */ = {isa = PBXBuildFile; fileRef = 28FF467A1B0C319B0077BAC6 /* UIAlertView+Easy.m */; };
		28FF46E21B0C319B0077BAC6 /* UIAlertView+Easy.m in Sources */ = {isa = PBXBuildFile; fileRef = 28FF467A1B0C319B0077BAC6 /* UIAlertView+Easy.m */; };
		28FF46E31B0C319B0077BAC6 /* UIApplication+Easy.m in Sources */ = {isa = PBXBuildFile; fileRef = 28FF467C1B0C319B0077BAC6 /* UIApplication+Easy.m */; };
		28FF46E41B0C319B0077BAC6 /* UIApplication+Easy.m in Sources */ = {isa = PBXBuildFile; fileRef = 28FF467C1B0C319B0077BAC6 /* UIApplication+Easy.m */; };
		28FF46E51B0C319B0077BAC6 /* UIButton+Easy.m in Sources */ = {isa = PBXBuildFile; fileRef = 28FF467E1B0C319B0077BAC6 /* UIButton+Easy.m */; };
		28FF46E61B0C319B0077BAC6 /* UIButton+Easy.m in Sources */ = {isa = PBXBuildFile; fileRef = 28FF467E1B0C319B0077BAC6 /* UIButton+Easy.m */; };
		28FF46E71B0C319B0077BAC6 /* UIColor+Easy.m in Sources */ = {isa = PBXBuildFile; fileRef = 28FF46801B0C319B0077BAC6 /* UIColor+Easy.m */; };
		28FF46E81B0C319B0077BAC6 /* UIColor+Easy.m in Sources */ = {isa = PBXBuildFile; fileRef = 28FF46801B0C319B0077BAC6 /* UIColor+Easy.m */; };
		28FF46E91B0C319B0077BAC6 /* UIDevice+Easy.m in Sources */ = {isa = PBXBuildFile; fileRef = 28FF46821B0C319B0077BAC6 /* UIDevice+Easy.m */; };
		28FF46EA1B0C319B0077BAC6 /* UIDevice+Easy.m in Sources */ = {isa = PBXBuildFile; fileRef = 28FF46821B0C319B0077BAC6 /* UIDevice+Easy.m */; };
		28FF46EB1B0C319B0077BAC6 /* UIImage+Easy.m in Sources */ = {isa = PBXBuildFile; fileRef = 28FF46841B0C319B0077BAC6 /* UIImage+Easy.m */; };
		28FF46EC1B0C319B0077BAC6 /* UIImage+Easy.m in Sources */ = {isa = PBXBuildFile; fileRef = 28FF46841B0C319B0077BAC6 /* UIImage+Easy.m */; };
		28FF46ED1B0C319B0077BAC6 /* UILabel+Easy.m in Sources */ = {isa = PBXBuildFile; fileRef = 28FF46861B0C319B0077BAC6 /* UILabel+Easy.m */; };
		28FF46EE1B0C319B0077BAC6 /* UILabel+Easy.m in Sources */ = {isa = PBXBuildFile; fileRef = 28FF46861B0C319B0077BAC6 /* UILabel+Easy.m */; };
		28FF46EF1B0C319B0077BAC6 /* UILocalNotification+Easy.m in Sources */ = {isa = PBXBuildFile; fileRef = 28FF46881B0C319B0077BAC6 /* UILocalNotification+Easy.m */; };
		28FF46F01B0C319B0077BAC6 /* UILocalNotification+Easy.m in Sources */ = {isa = PBXBuildFile; fileRef = 28FF46881B0C319B0077BAC6 /* UILocalNotification+Easy.m */; };
		28FF46F11B0C319B0077BAC6 /* UINavigationController+Easy.m in Sources */ = {isa = PBXBuildFile; fileRef = 28FF468A1B0C319B0077BAC6 /* UINavigationController+Easy.m */; };
		28FF46F21B0C319B0077BAC6 /* UINavigationController+Easy.m in Sources */ = {isa = PBXBuildFile; fileRef = 28FF468A1B0C319B0077BAC6 /* UINavigationController+Easy.m */; };
		28FF46F31B0C319B0077BAC6 /* UISearchBar+Easy.m in Sources */ = {isa = PBXBuildFile; fileRef = 28FF468C1B0C319B0077BAC6 /* UISearchBar+Easy.m */; };
		28FF46F41B0C319B0077BAC6 /* UISearchBar+Easy.m in Sources */ = {isa = PBXBuildFile; fileRef = 28FF468C1B0C319B0077BAC6 /* UISearchBar+Easy.m */; };
		28FF46F51B0C319B0077BAC6 /* UITableView+Easy.m in Sources */ = {isa = PBXBuildFile; fileRef = 28FF468E1B0C319B0077BAC6 /* UITableView+Easy.m */; };
		28FF46F61B0C319B0077BAC6 /* UITableView+Easy.m in Sources */ = {isa = PBXBuildFile; fileRef = 28FF468E1B0C319B0077BAC6 /* UITableView+Easy.m */; };
		28FF46F71B0C319B0077BAC6 /* UITableViewCell+Easy.m in Sources */ = {isa = PBXBuildFile; fileRef = 28FF46901B0C319B0077BAC6 /* UITableViewCell+Easy.m */; };
		28FF46F81B0C319B0077BAC6 /* UITableViewCell+Easy.m in Sources */ = {isa = PBXBuildFile; fileRef = 28FF46901B0C319B0077BAC6 /* UITableViewCell+Easy.m */; };
		28FF46F91B0C319B0077BAC6 /* UITextField+Easy.m in Sources */ = {isa = PBXBuildFile; fileRef = 28FF46921B0C319B0077BAC6 /* UITextField+Easy.m */; };
		28FF46FA1B0C319B0077BAC6 /* UITextField+Easy.m in Sources */ = {isa = PBXBuildFile; fileRef = 28FF46921B0C319B0077BAC6 /* UITextField+Easy.m */; };
		28FF46FB1B0C319B0077BAC6 /* UIToolbar+Easy.m in Sources */ = {isa = PBXBuildFile; fileRef = 28FF46941B0C319B0077BAC6 /* UIToolbar+Easy.m */; };
		28FF46FC1B0C319B0077BAC6 /* UIToolbar+Easy.m in Sources */ = {isa = PBXBuildFile; fileRef = 28FF46941B0C319B0077BAC6 /* UIToolbar+Easy.m */; };
		28FF46FD1B0C319B0077BAC6 /* UIView+Easy.m in Sources */ = {isa = PBXBuildFile; fileRef = 28FF46961B0C319B0077BAC6 /* UIView+Easy.m */; };
		28FF46FE1B0C319B0077BAC6 /* UIView+Easy.m in Sources */ = {isa = PBXBuildFile; fileRef = 28FF46961B0C319B0077BAC6 /* UIView+Easy.m */; };
		28FF46FF1B0C319B0077BAC6 /* UIViewController+Easy.m in Sources */ = {isa = PBXBuildFile; fileRef = 28FF46981B0C319B0077BAC6 /* UIViewController+Easy.m */; };
		28FF47001B0C319B0077BAC6 /* UIViewController+Easy.m in Sources */ = {isa = PBXBuildFile; fileRef = 28FF46981B0C319B0077BAC6 /* UIViewController+Easy.m */; };
		28FF47011B0C319B0077BAC6 /* UIWebView+Easy.m in Sources */ = {isa = PBXBuildFile; fileRef = 28FF469A1B0C319B0077BAC6 /* UIWebView+Easy.m */; };
		28FF47021B0C319B0077BAC6 /* UIWebView+Easy.m in Sources */ = {isa = PBXBuildFile; fileRef = 28FF469A1B0C319B0077BAC6 /* UIWebView+Easy.m */; };
/* End PBXBuildFile section */

/* Begin PBXContainerItemProxy section */
		28916781185AF30F00142F81 /* PBXContainerItemProxy */ = {
			isa = PBXContainerItemProxy;
			containerPortal = 28916747185AF30F00142F81 /* Project object */;
			proxyType = 1;
			remoteGlobalIDString = 2891674E185AF30F00142F81;
			remoteInfo = Easy;
		};
/* End PBXContainerItemProxy section */

/* Begin PBXFileReference section */
		2891674F185AF30F00142F81 /* Easy.app */ = {isa = PBXFileReference; explicitFileType = wrapper.application; includeInIndex = 0; path = Easy.app; sourceTree = BUILT_PRODUCTS_DIR; };
		28916752185AF30F00142F81 /* Foundation.framework */ = {isa = PBXFileReference; lastKnownFileType = wrapper.framework; name = Foundation.framework; path = System/Library/Frameworks/Foundation.framework; sourceTree = SDKROOT; };
		28916754185AF30F00142F81 /* CoreGraphics.framework */ = {isa = PBXFileReference; lastKnownFileType = wrapper.framework; name = CoreGraphics.framework; path = System/Library/Frameworks/CoreGraphics.framework; sourceTree = SDKROOT; };
		28916756185AF30F00142F81 /* UIKit.framework */ = {isa = PBXFileReference; lastKnownFileType = wrapper.framework; name = UIKit.framework; path = System/Library/Frameworks/UIKit.framework; sourceTree = SDKROOT; };
		28916758185AF30F00142F81 /* CoreData.framework */ = {isa = PBXFileReference; lastKnownFileType = wrapper.framework; name = CoreData.framework; path = System/Library/Frameworks/CoreData.framework; sourceTree = SDKROOT; };
		2891675C185AF30F00142F81 /* Easy-Info.plist */ = {isa = PBXFileReference; lastKnownFileType = text.plist.xml; path = "Easy-Info.plist"; sourceTree = "<group>"; };
		2891675E185AF30F00142F81 /* en */ = {isa = PBXFileReference; lastKnownFileType = text.plist.strings; name = en; path = en.lproj/InfoPlist.strings; sourceTree = "<group>"; };
		28916760185AF30F00142F81 /* main.m */ = {isa = PBXFileReference; lastKnownFileType = sourcecode.c.objc; path = main.m; sourceTree = "<group>"; };
		28916762185AF30F00142F81 /* Easy-Prefix.pch */ = {isa = PBXFileReference; lastKnownFileType = sourcecode.c.h; path = "Easy-Prefix.pch"; sourceTree = "<group>"; };
		28916763185AF30F00142F81 /* AppDelegate.h */ = {isa = PBXFileReference; lastKnownFileType = sourcecode.c.h; path = AppDelegate.h; sourceTree = "<group>"; };
		28916764185AF30F00142F81 /* AppDelegate.m */ = {isa = PBXFileReference; lastKnownFileType = sourcecode.c.objc; path = AppDelegate.m; sourceTree = "<group>"; };
		2891676D185AF30F00142F81 /* Easy.xcdatamodel */ = {isa = PBXFileReference; lastKnownFileType = wrapper.xcdatamodel; path = Easy.xcdatamodel; sourceTree = "<group>"; };
		2891676F185AF30F00142F81 /* MasterViewController.h */ = {isa = PBXFileReference; lastKnownFileType = sourcecode.c.h; path = MasterViewController.h; sourceTree = "<group>"; };
		28916770185AF30F00142F81 /* MasterViewController.m */ = {isa = PBXFileReference; lastKnownFileType = sourcecode.c.objc; path = MasterViewController.m; sourceTree = "<group>"; };
		28916772185AF30F00142F81 /* DetailViewController.h */ = {isa = PBXFileReference; lastKnownFileType = sourcecode.c.h; path = DetailViewController.h; sourceTree = "<group>"; };
		28916773185AF30F00142F81 /* DetailViewController.m */ = {isa = PBXFileReference; lastKnownFileType = sourcecode.c.objc; path = DetailViewController.m; sourceTree = "<group>"; };
		28916775185AF30F00142F81 /* Images.xcassets */ = {isa = PBXFileReference; lastKnownFileType = folder.assetcatalog; path = Images.xcassets; sourceTree = "<group>"; };
		2891677B185AF30F00142F81 /* EasyTests.xctest */ = {isa = PBXFileReference; explicitFileType = wrapper.cfbundle; includeInIndex = 0; path = EasyTests.xctest; sourceTree = BUILT_PRODUCTS_DIR; };
		2891677C185AF30F00142F81 /* XCTest.framework */ = {isa = PBXFileReference; lastKnownFileType = wrapper.framework; name = XCTest.framework; path = Library/Frameworks/XCTest.framework; sourceTree = DEVELOPER_DIR; };
		28916785185AF30F00142F81 /* EasyTests-Info.plist */ = {isa = PBXFileReference; lastKnownFileType = text.plist.xml; path = "EasyTests-Info.plist"; sourceTree = "<group>"; };
		28916787185AF30F00142F81 /* en */ = {isa = PBXFileReference; lastKnownFileType = text.plist.strings; name = en; path = en.lproj/InfoPlist.strings; sourceTree = "<group>"; };
		28916789185AF30F00142F81 /* EasyTests.m */ = {isa = PBXFileReference; lastKnownFileType = sourcecode.c.objc; path = EasyTests.m; sourceTree = "<group>"; };
		2892CAA4185AFFCD00848A99 /* en */ = {isa = PBXFileReference; lastKnownFileType = file.storyboard; name = en; path = en.lproj/Main.storyboard; sourceTree = "<group>"; };
		28C88BD0197FAB5200383BDC /* MasterTableViewCell.h */ = {isa = PBXFileReference; fileEncoding = 4; lastKnownFileType = sourcecode.c.h; path = MasterTableViewCell.h; sourceTree = "<group>"; };
		28C88BD1197FAB5200383BDC /* MasterTableViewCell.m */ = {isa = PBXFileReference; fileEncoding = 4; lastKnownFileType = sourcecode.c.objc; path = MasterTableViewCell.m; sourceTree = "<group>"; };
		28CFA1ED197F9F5100959EAD /* User.h */ = {isa = PBXFileReference; fileEncoding = 4; lastKnownFileType = sourcecode.c.h; path = User.h; sourceTree = "<group>"; };
		28CFA1EE197F9F5100959EAD /* User.m */ = {isa = PBXFileReference; fileEncoding = 4; lastKnownFileType = sourcecode.c.objc; path = User.m; sourceTree = "<group>"; };
		28CFA1F0197F9F5200959EAD /* Post.h */ = {isa = PBXFileReference; fileEncoding = 4; lastKnownFileType = sourcecode.c.h; path = Post.h; sourceTree = "<group>"; };
		28CFA1F1197F9F5200959EAD /* Post.m */ = {isa = PBXFileReference; fileEncoding = 4; lastKnownFileType = sourcecode.c.objc; path = Post.m; sourceTree = "<group>"; };
		28FD71891B0B40FD00038809 /* EntityMappingManager.h */ = {isa = PBXFileReference; fileEncoding = 4; lastKnownFileType = sourcecode.c.h; path = EntityMappingManager.h; sourceTree = "<group>"; };
		28FD718A1B0B40FD00038809 /* EntityMappingManager.m */ = {isa = PBXFileReference; fileEncoding = 4; lastKnownFileType = sourcecode.c.objc; path = EntityMappingManager.m; sourceTree = "<group>"; };
		28FF462C1B0C319A0077BAC6 /* CoreDataStore.h */ = {isa = PBXFileReference; fileEncoding = 4; lastKnownFileType = sourcecode.c.h; path = CoreDataStore.h; sourceTree = "<group>"; };
		28FF462D1B0C319A0077BAC6 /* CoreDataStore.m */ = {isa = PBXFileReference; fileEncoding = 4; lastKnownFileType = sourcecode.c.objc; path = CoreDataStore.m; sourceTree = "<group>"; };
		28FF462E1B0C319A0077BAC6 /* NSFetchedResultsController+Easy.h */ = {isa = PBXFileReference; fileEncoding = 4; lastKnownFileType = sourcecode.c.h; path = "NSFetchedResultsController+Easy.h"; sourceTree = "<group>"; };
		28FF462F1B0C319A0077BAC6 /* NSFetchedResultsController+Easy.m */ = {isa = PBXFileReference; fileEncoding = 4; lastKnownFileType = sourcecode.c.objc; path = "NSFetchedResultsController+Easy.m"; sourceTree = "<group>"; };
		28FF46301B0C319A0077BAC6 /* NSFetchRequest+Easy.h */ = {isa = PBXFileReference; fileEncoding = 4; lastKnownFileType = sourcecode.c.h; path = "NSFetchRequest+Easy.h"; sourceTree = "<group>"; };
		28FF46311B0C319A0077BAC6 /* NSFetchRequest+Easy.m */ = {isa = PBXFileReference; fileEncoding = 4; lastKnownFileType = sourcecode.c.objc; path = "NSFetchRequest+Easy.m"; sourceTree = "<group>"; };
		28FF46321B0C319A0077BAC6 /* NSManagedObject+Easy.h */ = {isa = PBXFileReference; fileEncoding = 4; lastKnownFileType = sourcecode.c.h; path = "NSManagedObject+Easy.h"; sourceTree = "<group>"; };
		28FF46331B0C319A0077BAC6 /* NSManagedObject+Easy.m */ = {isa = PBXFileReference; fileEncoding = 4; lastKnownFileType = sourcecode.c.objc; path = "NSManagedObject+Easy.m"; sourceTree = "<group>"; };
		28FF46341B0C319A0077BAC6 /* NSManagedObjectContext+Easy.h */ = {isa = PBXFileReference; fileEncoding = 4; lastKnownFileType = sourcecode.c.h; path = "NSManagedObjectContext+Easy.h"; sourceTree = "<group>"; };
		28FF46351B0C319A0077BAC6 /* NSManagedObjectContext+Easy.m */ = {isa = PBXFileReference; fileEncoding = 4; lastKnownFileType = sourcecode.c.objc; path = "NSManagedObjectContext+Easy.m"; sourceTree = "<group>"; };
		28FF46361B0C319A0077BAC6 /* Easy.h */ = {isa = PBXFileReference; fileEncoding = 4; lastKnownFileType = sourcecode.c.h; path = Easy.h; sourceTree = "<group>"; };
		28FF46381B0C319A0077BAC6 /* ApplicationInfo.h */ = {isa = PBXFileReference; fileEncoding = 4; lastKnownFileType = sourcecode.c.h; path = ApplicationInfo.h; sourceTree = "<group>"; };
		28FF46391B0C319A0077BAC6 /* ApplicationInfo.m */ = {isa = PBXFileReference; fileEncoding = 4; lastKnownFileType = sourcecode.c.objc; path = ApplicationInfo.m; sourceTree = "<group>"; };
		28FF463A1B0C319A0077BAC6 /* CLGeocoder+Easy.h */ = {isa = PBXFileReference; fileEncoding = 4; lastKnownFileType = sourcecode.c.h; path = "CLGeocoder+Easy.h"; sourceTree = "<group>"; };
		28FF463B1B0C319A0077BAC6 /* CLGeocoder+Easy.m */ = {isa = PBXFileReference; fileEncoding = 4; lastKnownFileType = sourcecode.c.objc; path = "CLGeocoder+Easy.m"; sourceTree = "<group>"; };
		28FF463C1B0C319A0077BAC6 /* LanguageManager.h */ = {isa = PBXFileReference; fileEncoding = 4; lastKnownFileType = sourcecode.c.h; path = LanguageManager.h; sourceTree = "<group>"; };
		28FF463D1B0C319A0077BAC6 /* LanguageManager.m */ = {isa = PBXFileReference; fileEncoding = 4; lastKnownFileType = sourcecode.c.objc; path = LanguageManager.m; sourceTree = "<group>"; };
		28FF463E1B0C319A0077BAC6 /* LocationManager.h */ = {isa = PBXFileReference; fileEncoding = 4; lastKnownFileType = sourcecode.c.h; path = LocationManager.h; sourceTree = "<group>"; };
		28FF463F1B0C319A0077BAC6 /* LocationManager.m */ = {isa = PBXFileReference; fileEncoding = 4; lastKnownFileType = sourcecode.c.objc; path = LocationManager.m; sourceTree = "<group>"; };
		28FF46401B0C319A0077BAC6 /* Macro.h */ = {isa = PBXFileReference; fileEncoding = 4; lastKnownFileType = sourcecode.c.h; path = Macro.h; sourceTree = "<group>"; };
		28FF46411B0C319A0077BAC6 /* NSArray+Easy.h */ = {isa = PBXFileReference; fileEncoding = 4; lastKnownFileType = sourcecode.c.h; path = "NSArray+Easy.h"; sourceTree = "<group>"; };
		28FF46421B0C319A0077BAC6 /* NSArray+Easy.m */ = {isa = PBXFileReference; fileEncoding = 4; lastKnownFileType = sourcecode.c.objc; path = "NSArray+Easy.m"; sourceTree = "<group>"; };
		28FF46431B0C319A0077BAC6 /* NSCalendar+Easy.h */ = {isa = PBXFileReference; fileEncoding = 4; lastKnownFileType = sourcecode.c.h; path = "NSCalendar+Easy.h"; sourceTree = "<group>"; };
		28FF46441B0C319A0077BAC6 /* NSCalendar+Easy.m */ = {isa = PBXFileReference; fileEncoding = 4; lastKnownFileType = sourcecode.c.objc; path = "NSCalendar+Easy.m"; sourceTree = "<group>"; };
		28FF46451B0C319A0077BAC6 /* NSData+Easy.h */ = {isa = PBXFileReference; fileEncoding = 4; lastKnownFileType = sourcecode.c.h; path = "NSData+Easy.h"; sourceTree = "<group>"; };
		28FF46461B0C319A0077BAC6 /* NSData+Easy.m */ = {isa = PBXFileReference; fileEncoding = 4; lastKnownFileType = sourcecode.c.objc; path = "NSData+Easy.m"; sourceTree = "<group>"; };
		28FF46471B0C319A0077BAC6 /* NSDate+Easy.h */ = {isa = PBXFileReference; fileEncoding = 4; lastKnownFileType = sourcecode.c.h; path = "NSDate+Easy.h"; sourceTree = "<group>"; };
		28FF46481B0C319A0077BAC6 /* NSDate+Easy.m */ = {isa = PBXFileReference; fileEncoding = 4; lastKnownFileType = sourcecode.c.objc; path = "NSDate+Easy.m"; sourceTree = "<group>"; };
		28FF46491B0C319A0077BAC6 /* NSDateFormatter+Easy.h */ = {isa = PBXFileReference; fileEncoding = 4; lastKnownFileType = sourcecode.c.h; path = "NSDateFormatter+Easy.h"; sourceTree = "<group>"; };
		28FF464A1B0C319A0077BAC6 /* NSDateFormatter+Easy.m */ = {isa = PBXFileReference; fileEncoding = 4; lastKnownFileType = sourcecode.c.objc; path = "NSDateFormatter+Easy.m"; sourceTree = "<group>"; };
		28FF464B1B0C319B0077BAC6 /* NSDictionary+Easy.h */ = {isa = PBXFileReference; fileEncoding = 4; lastKnownFileType = sourcecode.c.h; path = "NSDictionary+Easy.h"; sourceTree = "<group>"; };
		28FF464C1B0C319B0077BAC6 /* NSDictionary+Easy.m */ = {isa = PBXFileReference; fileEncoding = 4; lastKnownFileType = sourcecode.c.objc; path = "NSDictionary+Easy.m"; sourceTree = "<group>"; };
		28FF464D1B0C319B0077BAC6 /* NSLocale+Easy.h */ = {isa = PBXFileReference; fileEncoding = 4; lastKnownFileType = sourcecode.c.h; path = "NSLocale+Easy.h"; sourceTree = "<group>"; };
		28FF464E1B0C319B0077BAC6 /* NSLocale+Easy.m */ = {isa = PBXFileReference; fileEncoding = 4; lastKnownFileType = sourcecode.c.objc; path = "NSLocale+Easy.m"; sourceTree = "<group>"; };
		28FF464F1B0C319B0077BAC6 /* NSMutableArray+Easy.h */ = {isa = PBXFileReference; fileEncoding = 4; lastKnownFileType = sourcecode.c.h; path = "NSMutableArray+Easy.h"; sourceTree = "<group>"; };
		28FF46501B0C319B0077BAC6 /* NSMutableArray+Easy.m */ = {isa = PBXFileReference; fileEncoding = 4; lastKnownFileType = sourcecode.c.objc; path = "NSMutableArray+Easy.m"; sourceTree = "<group>"; };
		28FF46511B0C319B0077BAC6 /* NSMutableDictionary+Easy.h */ = {isa = PBXFileReference; fileEncoding = 4; lastKnownFileType = sourcecode.c.h; path = "NSMutableDictionary+Easy.h"; sourceTree = "<group>"; };
		28FF46521B0C319B0077BAC6 /* NSMutableDictionary+Easy.m */ = {isa = PBXFileReference; fileEncoding = 4; lastKnownFileType = sourcecode.c.objc; path = "NSMutableDictionary+Easy.m"; sourceTree = "<group>"; };
		28FF46531B0C319B0077BAC6 /* NSMutableString+Easy.h */ = {isa = PBXFileReference; fileEncoding = 4; lastKnownFileType = sourcecode.c.h; path = "NSMutableString+Easy.h"; sourceTree = "<group>"; };
		28FF46541B0C319B0077BAC6 /* NSMutableString+Easy.m */ = {isa = PBXFileReference; fileEncoding = 4; lastKnownFileType = sourcecode.c.objc; path = "NSMutableString+Easy.m"; sourceTree = "<group>"; };
		28FF46551B0C319B0077BAC6 /* NSObject+Easy.h */ = {isa = PBXFileReference; fileEncoding = 4; lastKnownFileType = sourcecode.c.h; path = "NSObject+Easy.h"; sourceTree = "<group>"; };
		28FF46561B0C319B0077BAC6 /* NSObject+Easy.m */ = {isa = PBXFileReference; fileEncoding = 4; lastKnownFileType = sourcecode.c.objc; path = "NSObject+Easy.m"; sourceTree = "<group>"; };
		28FF46571B0C319B0077BAC6 /* NSOperation+Easy.h */ = {isa = PBXFileReference; fileEncoding = 4; lastKnownFileType = sourcecode.c.h; path = "NSOperation+Easy.h"; sourceTree = "<group>"; };
		28FF46581B0C319B0077BAC6 /* NSOperation+Easy.m */ = {isa = PBXFileReference; fileEncoding = 4; lastKnownFileType = sourcecode.c.objc; path = "NSOperation+Easy.m"; sourceTree = "<group>"; };
		28FF46591B0C319B0077BAC6 /* NSSet+Easy.h */ = {isa = PBXFileReference; fileEncoding = 4; lastKnownFileType = sourcecode.c.h; path = "NSSet+Easy.h"; sourceTree = "<group>"; };
		28FF465A1B0C319B0077BAC6 /* NSSet+Easy.m */ = {isa = PBXFileReference; fileEncoding = 4; lastKnownFileType = sourcecode.c.objc; path = "NSSet+Easy.m"; sourceTree = "<group>"; };
		28FF465B1B0C319B0077BAC6 /* NSString+Easy.h */ = {isa = PBXFileReference; fileEncoding = 4; lastKnownFileType = sourcecode.c.h; path = "NSString+Easy.h"; sourceTree = "<group>"; };
		28FF465C1B0C319B0077BAC6 /* NSString+Easy.m */ = {isa = PBXFileReference; fileEncoding = 4; lastKnownFileType = sourcecode.c.objc; path = "NSString+Easy.m"; sourceTree = "<group>"; };
		28FF465D1B0C319B0077BAC6 /* NSTimeZone+Easy.h */ = {isa = PBXFileReference; fileEncoding = 4; lastKnownFileType = sourcecode.c.h; path = "NSTimeZone+Easy.h"; sourceTree = "<group>"; };
		28FF465E1B0C319B0077BAC6 /* NSTimeZone+Easy.m */ = {isa = PBXFileReference; fileEncoding = 4; lastKnownFileType = sourcecode.c.objc; path = "NSTimeZone+Easy.m"; sourceTree = "<group>"; };
		28FF465F1B0C319B0077BAC6 /* UIApplication+Easy.h */ = {isa = PBXFileReference; fileEncoding = 4; lastKnownFileType = sourcecode.c.h; path = "UIApplication+Easy.h"; sourceTree = "<group>"; };
		28FF46601B0C319B0077BAC6 /* UIApplication+Easy.m */ = {isa = PBXFileReference; fileEncoding = 4; lastKnownFileType = sourcecode.c.objc; path = "UIApplication+Easy.m"; sourceTree = "<group>"; };
		28FF46611B0C319B0077BAC6 /* XMLGenerator.h */ = {isa = PBXFileReference; fileEncoding = 4; lastKnownFileType = sourcecode.c.h; path = XMLGenerator.h; sourceTree = "<group>"; };
		28FF46621B0C319B0077BAC6 /* XMLGenerator.m */ = {isa = PBXFileReference; fileEncoding = 4; lastKnownFileType = sourcecode.c.objc; path = XMLGenerator.m; sourceTree = "<group>"; };
		28FF46631B0C319B0077BAC6 /* XMLParser.h */ = {isa = PBXFileReference; fileEncoding = 4; lastKnownFileType = sourcecode.c.h; path = XMLParser.h; sourceTree = "<group>"; };
		28FF46641B0C319B0077BAC6 /* XMLParser.m */ = {isa = PBXFileReference; fileEncoding = 4; lastKnownFileType = sourcecode.c.objc; path = XMLParser.m; sourceTree = "<group>"; };
		28FF46661B0C319B0077BAC6 /* Mapping.h */ = {isa = PBXFileReference; fileEncoding = 4; lastKnownFileType = sourcecode.c.h; path = Mapping.h; sourceTree = "<group>"; };
		28FF46671B0C319B0077BAC6 /* NSManagedObject+Mapping.h */ = {isa = PBXFileReference; fileEncoding = 4; lastKnownFileType = sourcecode.c.h; path = "NSManagedObject+Mapping.h"; sourceTree = "<group>"; };
		28FF46681B0C319B0077BAC6 /* NSManagedObject+Mapping.m */ = {isa = PBXFileReference; fileEncoding = 4; lastKnownFileType = sourcecode.c.objc; path = "NSManagedObject+Mapping.m"; sourceTree = "<group>"; };
		28FF46691B0C319B0077BAC6 /* NSObject+Mapping.h */ = {isa = PBXFileReference; fileEncoding = 4; lastKnownFileType = sourcecode.c.h; path = "NSObject+Mapping.h"; sourceTree = "<group>"; };
		28FF466A1B0C319B0077BAC6 /* NSObject+Mapping.m */ = {isa = PBXFileReference; fileEncoding = 4; lastKnownFileType = sourcecode.c.objc; path = "NSObject+Mapping.m"; sourceTree = "<group>"; };
		28FF466C1B0C319B0077BAC6 /* BlurView.h */ = {isa = PBXFileReference; fileEncoding = 4; lastKnownFileType = sourcecode.c.h; path = BlurView.h; sourceTree = "<group>"; };
		28FF466D1B0C319B0077BAC6 /* BlurView.m */ = {isa = PBXFileReference; fileEncoding = 4; lastKnownFileType = sourcecode.c.objc; path = BlurView.m; sourceTree = "<group>"; };
		28FF466E1B0C319B0077BAC6 /* CIImage+Easy.h */ = {isa = PBXFileReference; fileEncoding = 4; lastKnownFileType = sourcecode.c.h; path = "CIImage+Easy.h"; sourceTree = "<group>"; };
		28FF466F1B0C319B0077BAC6 /* CIImage+Easy.m */ = {isa = PBXFileReference; fileEncoding = 4; lastKnownFileType = sourcecode.c.objc; path = "CIImage+Easy.m"; sourceTree = "<group>"; };
		28FF46701B0C319B0077BAC6 /* EasyDraggableView.h */ = {isa = PBXFileReference; fileEncoding = 4; lastKnownFileType = sourcecode.c.h; path = EasyDraggableView.h; sourceTree = "<group>"; };
		28FF46711B0C319B0077BAC6 /* EasyDraggableView.m */ = {isa = PBXFileReference; fileEncoding = 4; lastKnownFileType = sourcecode.c.objc; path = EasyDraggableView.m; sourceTree = "<group>"; };
		28FF46721B0C319B0077BAC6 /* EasyLabel.h */ = {isa = PBXFileReference; fileEncoding = 4; lastKnownFileType = sourcecode.c.h; path = EasyLabel.h; sourceTree = "<group>"; };
		28FF46731B0C319B0077BAC6 /* EasyLabel.m */ = {isa = PBXFileReference; fileEncoding = 4; lastKnownFileType = sourcecode.c.objc; path = EasyLabel.m; sourceTree = "<group>"; };
		28FF46751B0C319B0077BAC6 /* UIImage+ImageEffects.h */ = {isa = PBXFileReference; fileEncoding = 4; lastKnownFileType = sourcecode.c.h; path = "UIImage+ImageEffects.h"; sourceTree = "<group>"; };
		28FF46761B0C319B0077BAC6 /* UIImage+ImageEffects.m */ = {isa = PBXFileReference; fileEncoding = 4; lastKnownFileType = sourcecode.c.objc; path = "UIImage+ImageEffects.m"; sourceTree = "<group>"; };
		28FF46771B0C319B0077BAC6 /* ProgressHUDViewController.h */ = {isa = PBXFileReference; fileEncoding = 4; lastKnownFileType = sourcecode.c.h; path = ProgressHUDViewController.h; sourceTree = "<group>"; };
		28FF46781B0C319B0077BAC6 /* ProgressHUDViewController.m */ = {isa = PBXFileReference; fileEncoding = 4; lastKnownFileType = sourcecode.c.objc; path = ProgressHUDViewController.m; sourceTree = "<group>"; };
		28FF46791B0C319B0077BAC6 /* UIAlertView+Easy.h */ = {isa = PBXFileReference; fileEncoding = 4; lastKnownFileType = sourcecode.c.h; path = "UIAlertView+Easy.h"; sourceTree = "<group>"; };
		28FF467A1B0C319B0077BAC6 /* UIAlertView+Easy.m */ = {isa = PBXFileReference; fileEncoding = 4; lastKnownFileType = sourcecode.c.objc; path = "UIAlertView+Easy.m"; sourceTree = "<group>"; };
		28FF467B1B0C319B0077BAC6 /* UIApplication+Easy.h */ = {isa = PBXFileReference; fileEncoding = 4; lastKnownFileType = sourcecode.c.h; path = "UIApplication+Easy.h"; sourceTree = "<group>"; };
		28FF467C1B0C319B0077BAC6 /* UIApplication+Easy.m */ = {isa = PBXFileReference; fileEncoding = 4; lastKnownFileType = sourcecode.c.objc; path = "UIApplication+Easy.m"; sourceTree = "<group>"; };
		28FF467D1B0C319B0077BAC6 /* UIButton+Easy.h */ = {isa = PBXFileReference; fileEncoding = 4; lastKnownFileType = sourcecode.c.h; path = "UIButton+Easy.h"; sourceTree = "<group>"; };
		28FF467E1B0C319B0077BAC6 /* UIButton+Easy.m */ = {isa = PBXFileReference; fileEncoding = 4; lastKnownFileType = sourcecode.c.objc; path = "UIButton+Easy.m"; sourceTree = "<group>"; };
		28FF467F1B0C319B0077BAC6 /* UIColor+Easy.h */ = {isa = PBXFileReference; fileEncoding = 4; lastKnownFileType = sourcecode.c.h; path = "UIColor+Easy.h"; sourceTree = "<group>"; };
		28FF46801B0C319B0077BAC6 /* UIColor+Easy.m */ = {isa = PBXFileReference; fileEncoding = 4; lastKnownFileType = sourcecode.c.objc; path = "UIColor+Easy.m"; sourceTree = "<group>"; };
		28FF46811B0C319B0077BAC6 /* UIDevice+Easy.h */ = {isa = PBXFileReference; fileEncoding = 4; lastKnownFileType = sourcecode.c.h; path = "UIDevice+Easy.h"; sourceTree = "<group>"; };
		28FF46821B0C319B0077BAC6 /* UIDevice+Easy.m */ = {isa = PBXFileReference; fileEncoding = 4; lastKnownFileType = sourcecode.c.objc; path = "UIDevice+Easy.m"; sourceTree = "<group>"; };
		28FF46831B0C319B0077BAC6 /* UIImage+Easy.h */ = {isa = PBXFileReference; fileEncoding = 4; lastKnownFileType = sourcecode.c.h; path = "UIImage+Easy.h"; sourceTree = "<group>"; };
		28FF46841B0C319B0077BAC6 /* UIImage+Easy.m */ = {isa = PBXFileReference; fileEncoding = 4; lastKnownFileType = sourcecode.c.objc; path = "UIImage+Easy.m"; sourceTree = "<group>"; };
		28FF46851B0C319B0077BAC6 /* UILabel+Easy.h */ = {isa = PBXFileReference; fileEncoding = 4; lastKnownFileType = sourcecode.c.h; path = "UILabel+Easy.h"; sourceTree = "<group>"; };
		28FF46861B0C319B0077BAC6 /* UILabel+Easy.m */ = {isa = PBXFileReference; fileEncoding = 4; lastKnownFileType = sourcecode.c.objc; path = "UILabel+Easy.m"; sourceTree = "<group>"; };
		28FF46871B0C319B0077BAC6 /* UILocalNotification+Easy.h */ = {isa = PBXFileReference; fileEncoding = 4; lastKnownFileType = sourcecode.c.h; path = "UILocalNotification+Easy.h"; sourceTree = "<group>"; };
		28FF46881B0C319B0077BAC6 /* UILocalNotification+Easy.m */ = {isa = PBXFileReference; fileEncoding = 4; lastKnownFileType = sourcecode.c.objc; path = "UILocalNotification+Easy.m"; sourceTree = "<group>"; };
		28FF46891B0C319B0077BAC6 /* UINavigationController+Easy.h */ = {isa = PBXFileReference; fileEncoding = 4; lastKnownFileType = sourcecode.c.h; path = "UINavigationController+Easy.h"; sourceTree = "<group>"; };
		28FF468A1B0C319B0077BAC6 /* UINavigationController+Easy.m */ = {isa = PBXFileReference; fileEncoding = 4; lastKnownFileType = sourcecode.c.objc; path = "UINavigationController+Easy.m"; sourceTree = "<group>"; };
		28FF468B1B0C319B0077BAC6 /* UISearchBar+Easy.h */ = {isa = PBXFileReference; fileEncoding = 4; lastKnownFileType = sourcecode.c.h; path = "UISearchBar+Easy.h"; sourceTree = "<group>"; };
		28FF468C1B0C319B0077BAC6 /* UISearchBar+Easy.m */ = {isa = PBXFileReference; fileEncoding = 4; lastKnownFileType = sourcecode.c.objc; path = "UISearchBar+Easy.m"; sourceTree = "<group>"; };
		28FF468D1B0C319B0077BAC6 /* UITableView+Easy.h */ = {isa = PBXFileReference; fileEncoding = 4; lastKnownFileType = sourcecode.c.h; path = "UITableView+Easy.h"; sourceTree = "<group>"; };
		28FF468E1B0C319B0077BAC6 /* UITableView+Easy.m */ = {isa = PBXFileReference; fileEncoding = 4; lastKnownFileType = sourcecode.c.objc; path = "UITableView+Easy.m"; sourceTree = "<group>"; };
		28FF468F1B0C319B0077BAC6 /* UITableViewCell+Easy.h */ = {isa = PBXFileReference; fileEncoding = 4; lastKnownFileType = sourcecode.c.h; path = "UITableViewCell+Easy.h"; sourceTree = "<group>"; };
		28FF46901B0C319B0077BAC6 /* UITableViewCell+Easy.m */ = {isa = PBXFileReference; fileEncoding = 4; lastKnownFileType = sourcecode.c.objc; path = "UITableViewCell+Easy.m"; sourceTree = "<group>"; };
		28FF46911B0C319B0077BAC6 /* UITextField+Easy.h */ = {isa = PBXFileReference; fileEncoding = 4; lastKnownFileType = sourcecode.c.h; path = "UITextField+Easy.h"; sourceTree = "<group>"; };
		28FF46921B0C319B0077BAC6 /* UITextField+Easy.m */ = {isa = PBXFileReference; fileEncoding = 4; lastKnownFileType = sourcecode.c.objc; path = "UITextField+Easy.m"; sourceTree = "<group>"; };
		28FF46931B0C319B0077BAC6 /* UIToolbar+Easy.h */ = {isa = PBXFileReference; fileEncoding = 4; lastKnownFileType = sourcecode.c.h; path = "UIToolbar+Easy.h"; sourceTree = "<group>"; };
		28FF46941B0C319B0077BAC6 /* UIToolbar+Easy.m */ = {isa = PBXFileReference; fileEncoding = 4; lastKnownFileType = sourcecode.c.objc; path = "UIToolbar+Easy.m"; sourceTree = "<group>"; };
		28FF46951B0C319B0077BAC6 /* UIView+Easy.h */ = {isa = PBXFileReference; fileEncoding = 4; lastKnownFileType = sourcecode.c.h; path = "UIView+Easy.h"; sourceTree = "<group>"; };
		28FF46961B0C319B0077BAC6 /* UIView+Easy.m */ = {isa = PBXFileReference; fileEncoding = 4; lastKnownFileType = sourcecode.c.objc; path = "UIView+Easy.m"; sourceTree = "<group>"; };
		28FF46971B0C319B0077BAC6 /* UIViewController+Easy.h */ = {isa = PBXFileReference; fileEncoding = 4; lastKnownFileType = sourcecode.c.h; path = "UIViewController+Easy.h"; sourceTree = "<group>"; };
		28FF46981B0C319B0077BAC6 /* UIViewController+Easy.m */ = {isa = PBXFileReference; fileEncoding = 4; lastKnownFileType = sourcecode.c.objc; path = "UIViewController+Easy.m"; sourceTree = "<group>"; };
		28FF46991B0C319B0077BAC6 /* UIWebView+Easy.h */ = {isa = PBXFileReference; fileEncoding = 4; lastKnownFileType = sourcecode.c.h; path = "UIWebView+Easy.h"; sourceTree = "<group>"; };
		28FF469A1B0C319B0077BAC6 /* UIWebView+Easy.m */ = {isa = PBXFileReference; fileEncoding = 4; lastKnownFileType = sourcecode.c.objc; path = "UIWebView+Easy.m"; sourceTree = "<group>"; };
/* End PBXFileReference section */

/* Begin PBXFrameworksBuildPhase section */
		2891674C185AF30F00142F81 /* Frameworks */ = {
			isa = PBXFrameworksBuildPhase;
			buildActionMask = 2147483647;
			files = (
				28916755185AF30F00142F81 /* CoreGraphics.framework in Frameworks */,
				28916759185AF30F00142F81 /* CoreData.framework in Frameworks */,
				28916757185AF30F00142F81 /* UIKit.framework in Frameworks */,
				28916753185AF30F00142F81 /* Foundation.framework in Frameworks */,
			);
			runOnlyForDeploymentPostprocessing = 0;
		};
		28916778185AF30F00142F81 /* Frameworks */ = {
			isa = PBXFrameworksBuildPhase;
			buildActionMask = 2147483647;
			files = (
				2891677D185AF30F00142F81 /* XCTest.framework in Frameworks */,
				28916780185AF30F00142F81 /* CoreData.framework in Frameworks */,
				2891677F185AF30F00142F81 /* UIKit.framework in Frameworks */,
				2891677E185AF30F00142F81 /* Foundation.framework in Frameworks */,
			);
			runOnlyForDeploymentPostprocessing = 0;
		};
/* End PBXFrameworksBuildPhase section */

/* Begin PBXGroup section */
		28916746185AF30F00142F81 = {
			isa = PBXGroup;
			children = (
				2891675A185AF30F00142F81 /* Easy */,
				28916783185AF30F00142F81 /* EasyTests */,
				28916751185AF30F00142F81 /* Frameworks */,
				28916750185AF30F00142F81 /* Products */,
			);
			sourceTree = "<group>";
		};
		28916750185AF30F00142F81 /* Products */ = {
			isa = PBXGroup;
			children = (
				2891674F185AF30F00142F81 /* Easy.app */,
				2891677B185AF30F00142F81 /* EasyTests.xctest */,
			);
			name = Products;
			sourceTree = "<group>";
		};
		28916751185AF30F00142F81 /* Frameworks */ = {
			isa = PBXGroup;
			children = (
				28916752185AF30F00142F81 /* Foundation.framework */,
				28916754185AF30F00142F81 /* CoreGraphics.framework */,
				28916756185AF30F00142F81 /* UIKit.framework */,
				28916758185AF30F00142F81 /* CoreData.framework */,
				2891677C185AF30F00142F81 /* XCTest.framework */,
			);
			name = Frameworks;
			sourceTree = "<group>";
		};
		2891675A185AF30F00142F81 /* Easy */ = {
			isa = PBXGroup;
			children = (
				28E344A319D0653600427602 /* Vendor */,
				28916763185AF30F00142F81 /* AppDelegate.h */,
				28916764185AF30F00142F81 /* AppDelegate.m */,
				28916766185AF30F00142F81 /* Main.storyboard */,
				2891676F185AF30F00142F81 /* MasterViewController.h */,
				28916770185AF30F00142F81 /* MasterViewController.m */,
				28916772185AF30F00142F81 /* DetailViewController.h */,
				28916773185AF30F00142F81 /* DetailViewController.m */,
				28C88BD0197FAB5200383BDC /* MasterTableViewCell.h */,
				28C88BD1197FAB5200383BDC /* MasterTableViewCell.m */,
				28916775185AF30F00142F81 /* Images.xcassets */,
				2891676C185AF30F00142F81 /* Easy.xcdatamodeld */,
				28CFA1F0197F9F5200959EAD /* Post.h */,
				28CFA1F1197F9F5200959EAD /* Post.m */,
				28CFA1ED197F9F5100959EAD /* User.h */,
				28CFA1EE197F9F5100959EAD /* User.m */,
				28FD71891B0B40FD00038809 /* EntityMappingManager.h */,
				28FD718A1B0B40FD00038809 /* EntityMappingManager.m */,
				2891675B185AF30F00142F81 /* Supporting Files */,
			);
			path = Easy;
			sourceTree = "<group>";
		};
		2891675B185AF30F00142F81 /* Supporting Files */ = {
			isa = PBXGroup;
			children = (
				2891675C185AF30F00142F81 /* Easy-Info.plist */,
				2891675D185AF30F00142F81 /* InfoPlist.strings */,
				28916760185AF30F00142F81 /* main.m */,
				28916762185AF30F00142F81 /* Easy-Prefix.pch */,
			);
			name = "Supporting Files";
			sourceTree = "<group>";
		};
		28916783185AF30F00142F81 /* EasyTests */ = {
			isa = PBXGroup;
			children = (
				28916789185AF30F00142F81 /* EasyTests.m */,
				28916784185AF30F00142F81 /* Supporting Files */,
			);
			path = EasyTests;
			sourceTree = "<group>";
		};
		28916784185AF30F00142F81 /* Supporting Files */ = {
			isa = PBXGroup;
			children = (
				28916785185AF30F00142F81 /* EasyTests-Info.plist */,
				28916786185AF30F00142F81 /* InfoPlist.strings */,
			);
			name = "Supporting Files";
			sourceTree = "<group>";
		};
		28E344A319D0653600427602 /* Vendor */ = {
			isa = PBXGroup;
			children = (
				28FF462A1B0C319A0077BAC6 /* Easy */,
			);
			name = Vendor;
			path = ../../Vendor;
			sourceTree = "<group>";
		};
		28FF462A1B0C319A0077BAC6 /* Easy */ = {
			isa = PBXGroup;
			children = (
				28FF46361B0C319A0077BAC6 /* Easy.h */,
				28FF462B1B0C319A0077BAC6 /* CoreData */,
				28FF46371B0C319A0077BAC6 /* Foundation */,
				28FF46651B0C319B0077BAC6 /* Mapping */,
				28FF466B1B0C319B0077BAC6 /* UIKit */,
			);
			path = Easy;
			sourceTree = "<group>";
		};
		28FF462B1B0C319A0077BAC6 /* CoreData */ = {
			isa = PBXGroup;
			children = (
				28FF462C1B0C319A0077BAC6 /* CoreDataStore.h */,
				28FF462D1B0C319A0077BAC6 /* CoreDataStore.m */,
				28FF462E1B0C319A0077BAC6 /* NSFetchedResultsController+Easy.h */,
				28FF462F1B0C319A0077BAC6 /* NSFetchedResultsController+Easy.m */,
				28FF46301B0C319A0077BAC6 /* NSFetchRequest+Easy.h */,
				28FF46311B0C319A0077BAC6 /* NSFetchRequest+Easy.m */,
				28FF46321B0C319A0077BAC6 /* NSManagedObject+Easy.h */,
				28FF46331B0C319A0077BAC6 /* NSManagedObject+Easy.m */,
				28FF46341B0C319A0077BAC6 /* NSManagedObjectContext+Easy.h */,
				28FF46351B0C319A0077BAC6 /* NSManagedObjectContext+Easy.m */,
			);
			path = CoreData;
			sourceTree = "<group>";
		};
		28FF46371B0C319A0077BAC6 /* Foundation */ = {
			isa = PBXGroup;
			children = (
				28FF46381B0C319A0077BAC6 /* ApplicationInfo.h */,
				28FF46391B0C319A0077BAC6 /* ApplicationInfo.m */,
				28FF463A1B0C319A0077BAC6 /* CLGeocoder+Easy.h */,
				28FF463B1B0C319A0077BAC6 /* CLGeocoder+Easy.m */,
				28FF463C1B0C319A0077BAC6 /* LanguageManager.h */,
				28FF463D1B0C319A0077BAC6 /* LanguageManager.m */,
				28FF463E1B0C319A0077BAC6 /* LocationManager.h */,
				28FF463F1B0C319A0077BAC6 /* LocationManager.m */,
				28FF46401B0C319A0077BAC6 /* Macro.h */,
				28FF46411B0C319A0077BAC6 /* NSArray+Easy.h */,
				28FF46421B0C319A0077BAC6 /* NSArray+Easy.m */,
				28FF46431B0C319A0077BAC6 /* NSCalendar+Easy.h */,
				28FF46441B0C319A0077BAC6 /* NSCalendar+Easy.m */,
				28FF46451B0C319A0077BAC6 /* NSData+Easy.h */,
				28FF46461B0C319A0077BAC6 /* NSData+Easy.m */,
				28FF46471B0C319A0077BAC6 /* NSDate+Easy.h */,
				28FF46481B0C319A0077BAC6 /* NSDate+Easy.m */,
				28FF46491B0C319A0077BAC6 /* NSDateFormatter+Easy.h */,
				28FF464A1B0C319A0077BAC6 /* NSDateFormatter+Easy.m */,
				28FF464B1B0C319B0077BAC6 /* NSDictionary+Easy.h */,
				28FF464C1B0C319B0077BAC6 /* NSDictionary+Easy.m */,
				28FF464D1B0C319B0077BAC6 /* NSLocale+Easy.h */,
				28FF464E1B0C319B0077BAC6 /* NSLocale+Easy.m */,
				28FF464F1B0C319B0077BAC6 /* NSMutableArray+Easy.h */,
				28FF46501B0C319B0077BAC6 /* NSMutableArray+Easy.m */,
				28FF46511B0C319B0077BAC6 /* NSMutableDictionary+Easy.h */,
				28FF46521B0C319B0077BAC6 /* NSMutableDictionary+Easy.m */,
				28FF46531B0C319B0077BAC6 /* NSMutableString+Easy.h */,
				28FF46541B0C319B0077BAC6 /* NSMutableString+Easy.m */,
				28FF46551B0C319B0077BAC6 /* NSObject+Easy.h */,
				28FF46561B0C319B0077BAC6 /* NSObject+Easy.m */,
				28FF46571B0C319B0077BAC6 /* NSOperation+Easy.h */,
				28FF46581B0C319B0077BAC6 /* NSOperation+Easy.m */,
				28FF46591B0C319B0077BAC6 /* NSSet+Easy.h */,
				28FF465A1B0C319B0077BAC6 /* NSSet+Easy.m */,
				28FF465B1B0C319B0077BAC6 /* NSString+Easy.h */,
				28FF465C1B0C319B0077BAC6 /* NSString+Easy.m */,
				28FF465D1B0C319B0077BAC6 /* NSTimeZone+Easy.h */,
				28FF465E1B0C319B0077BAC6 /* NSTimeZone+Easy.m */,
				28FF465F1B0C319B0077BAC6 /* UIApplication+Easy.h */,
				28FF46601B0C319B0077BAC6 /* UIApplication+Easy.m */,
				28FF46611B0C319B0077BAC6 /* XMLGenerator.h */,
				28FF46621B0C319B0077BAC6 /* XMLGenerator.m */,
				28FF46631B0C319B0077BAC6 /* XMLParser.h */,
				28FF46641B0C319B0077BAC6 /* XMLParser.m */,
			);
			path = Foundation;
			sourceTree = "<group>";
		};
		28FF46651B0C319B0077BAC6 /* Mapping */ = {
			isa = PBXGroup;
			children = (
				28FF46661B0C319B0077BAC6 /* Mapping.h */,
				28FF46671B0C319B0077BAC6 /* NSManagedObject+Mapping.h */,
				28FF46681B0C319B0077BAC6 /* NSManagedObject+Mapping.m */,
				28FF46691B0C319B0077BAC6 /* NSObject+Mapping.h */,
				28FF466A1B0C319B0077BAC6 /* NSObject+Mapping.m */,
			);
			path = Mapping;
			sourceTree = "<group>";
		};
		28FF466B1B0C319B0077BAC6 /* UIKit */ = {
			isa = PBXGroup;
			children = (
				28FF46741B0C319B0077BAC6 /* ImageEffects */,
				28FF466C1B0C319B0077BAC6 /* BlurView.h */,
				28FF466D1B0C319B0077BAC6 /* BlurView.m */,
				28FF466E1B0C319B0077BAC6 /* CIImage+Easy.h */,
				28FF466F1B0C319B0077BAC6 /* CIImage+Easy.m */,
				28FF46701B0C319B0077BAC6 /* EasyDraggableView.h */,
				28FF46711B0C319B0077BAC6 /* EasyDraggableView.m */,
				28FF46721B0C319B0077BAC6 /* EasyLabel.h */,
				28FF46731B0C319B0077BAC6 /* EasyLabel.m */,
				28FF46771B0C319B0077BAC6 /* ProgressHUDViewController.h */,
				28FF46781B0C319B0077BAC6 /* ProgressHUDViewController.m */,
				28FF46791B0C319B0077BAC6 /* UIAlertView+Easy.h */,
				28FF467A1B0C319B0077BAC6 /* UIAlertView+Easy.m */,
				28FF467B1B0C319B0077BAC6 /* UIApplication+Easy.h */,
				28FF467C1B0C319B0077BAC6 /* UIApplication+Easy.m */,
				28FF467D1B0C319B0077BAC6 /* UIButton+Easy.h */,
				28FF467E1B0C319B0077BAC6 /* UIButton+Easy.m */,
				28FF467F1B0C319B0077BAC6 /* UIColor+Easy.h */,
				28FF46801B0C319B0077BAC6 /* UIColor+Easy.m */,
				28FF46811B0C319B0077BAC6 /* UIDevice+Easy.h */,
				28FF46821B0C319B0077BAC6 /* UIDevice+Easy.m */,
				28FF46831B0C319B0077BAC6 /* UIImage+Easy.h */,
				28FF46841B0C319B0077BAC6 /* UIImage+Easy.m */,
				28FF46851B0C319B0077BAC6 /* UILabel+Easy.h */,
				28FF46861B0C319B0077BAC6 /* UILabel+Easy.m */,
				28FF46871B0C319B0077BAC6 /* UILocalNotification+Easy.h */,
				28FF46881B0C319B0077BAC6 /* UILocalNotification+Easy.m */,
				28FF46891B0C319B0077BAC6 /* UINavigationController+Easy.h */,
				28FF468A1B0C319B0077BAC6 /* UINavigationController+Easy.m */,
				28FF468B1B0C319B0077BAC6 /* UISearchBar+Easy.h */,
				28FF468C1B0C319B0077BAC6 /* UISearchBar+Easy.m */,
				28FF468D1B0C319B0077BAC6 /* UITableView+Easy.h */,
				28FF468E1B0C319B0077BAC6 /* UITableView+Easy.m */,
				28FF468F1B0C319B0077BAC6 /* UITableViewCell+Easy.h */,
				28FF46901B0C319B0077BAC6 /* UITableViewCell+Easy.m */,
				28FF46911B0C319B0077BAC6 /* UITextField+Easy.h */,
				28FF46921B0C319B0077BAC6 /* UITextField+Easy.m */,
				28FF46931B0C319B0077BAC6 /* UIToolbar+Easy.h */,
				28FF46941B0C319B0077BAC6 /* UIToolbar+Easy.m */,
				28FF46951B0C319B0077BAC6 /* UIView+Easy.h */,
				28FF46961B0C319B0077BAC6 /* UIView+Easy.m */,
				28FF46971B0C319B0077BAC6 /* UIViewController+Easy.h */,
				28FF46981B0C319B0077BAC6 /* UIViewController+Easy.m */,
				28FF46991B0C319B0077BAC6 /* UIWebView+Easy.h */,
				28FF469A1B0C319B0077BAC6 /* UIWebView+Easy.m */,
			);
			path = UIKit;
			sourceTree = "<group>";
		};
		28FF46741B0C319B0077BAC6 /* ImageEffects */ = {
			isa = PBXGroup;
			children = (
				28FF46751B0C319B0077BAC6 /* UIImage+ImageEffects.h */,
				28FF46761B0C319B0077BAC6 /* UIImage+ImageEffects.m */,
			);
			path = ImageEffects;
			sourceTree = "<group>";
		};
/* End PBXGroup section */

/* Begin PBXNativeTarget section */
		2891674E185AF30F00142F81 /* Easy */ = {
			isa = PBXNativeTarget;
			buildConfigurationList = 2891678D185AF30F00142F81 /* Build configuration list for PBXNativeTarget "Easy" */;
			buildPhases = (
				2891674B185AF30F00142F81 /* Sources */,
				2891674C185AF30F00142F81 /* Frameworks */,
				2891674D185AF30F00142F81 /* Resources */,
			);
			buildRules = (
			);
			dependencies = (
			);
			name = Easy;
			productName = Easy;
			productReference = 2891674F185AF30F00142F81 /* Easy.app */;
			productType = "com.apple.product-type.application";
		};
		2891677A185AF30F00142F81 /* EasyTests */ = {
			isa = PBXNativeTarget;
			buildConfigurationList = 28916790185AF30F00142F81 /* Build configuration list for PBXNativeTarget "EasyTests" */;
			buildPhases = (
				28916777185AF30F00142F81 /* Sources */,
				28916778185AF30F00142F81 /* Frameworks */,
				28916779185AF30F00142F81 /* Resources */,
			);
			buildRules = (
			);
			dependencies = (
				28916782185AF30F00142F81 /* PBXTargetDependency */,
			);
			name = EasyTests;
			productName = EasyTests;
			productReference = 2891677B185AF30F00142F81 /* EasyTests.xctest */;
			productType = "com.apple.product-type.bundle.unit-test";
		};
/* End PBXNativeTarget section */

/* Begin PBXProject section */
		28916747185AF30F00142F81 /* Project object */ = {
			isa = PBXProject;
			attributes = {
				LastUpgradeCheck = 0510;
				ORGANIZATIONNAME = Personal;
				TargetAttributes = {
					2891677A185AF30F00142F81 = {
						TestTargetID = 2891674E185AF30F00142F81;
					};
				};
			};
			buildConfigurationList = 2891674A185AF30F00142F81 /* Build configuration list for PBXProject "Easy" */;
			compatibilityVersion = "Xcode 3.2";
			developmentRegion = English;
			hasScannedForEncodings = 0;
			knownRegions = (
				en,
				Base,
			);
			mainGroup = 28916746185AF30F00142F81;
			productRefGroup = 28916750185AF30F00142F81 /* Products */;
			projectDirPath = "";
			projectRoot = "";
			targets = (
				2891674E185AF30F00142F81 /* Easy */,
				2891677A185AF30F00142F81 /* EasyTests */,
			);
		};
/* End PBXProject section */

/* Begin PBXResourcesBuildPhase section */
		2891674D185AF30F00142F81 /* Resources */ = {
			isa = PBXResourcesBuildPhase;
			buildActionMask = 2147483647;
			files = (
				28916776185AF30F00142F81 /* Images.xcassets in Resources */,
				28916768185AF30F00142F81 /* Main.storyboard in Resources */,
				2891675F185AF30F00142F81 /* InfoPlist.strings in Resources */,
			);
			runOnlyForDeploymentPostprocessing = 0;
		};
		28916779185AF30F00142F81 /* Resources */ = {
			isa = PBXResourcesBuildPhase;
			buildActionMask = 2147483647;
			files = (
				28916788185AF30F00142F81 /* InfoPlist.strings in Resources */,
			);
			runOnlyForDeploymentPostprocessing = 0;
		};
/* End PBXResourcesBuildPhase section */

/* Begin PBXSourcesBuildPhase section */
		2891674B185AF30F00142F81 /* Sources */ = {
			isa = PBXSourcesBuildPhase;
			buildActionMask = 2147483647;
			files = (
				28FF46BF1B0C319B0077BAC6 /* NSMutableString+Easy.m in Sources */,
				28FF46A71B0C319B0077BAC6 /* CLGeocoder+Easy.m in Sources */,
				28FF47011B0C319B0077BAC6 /* UIWebView+Easy.m in Sources */,
				28FF46D31B0C319B0077BAC6 /* NSObject+Mapping.m in Sources */,
				28FF46BB1B0C319B0077BAC6 /* NSMutableArray+Easy.m in Sources */,
				28FF46E51B0C319B0077BAC6 /* UIButton+Easy.m in Sources */,
				28FF469B1B0C319B0077BAC6 /* CoreDataStore.m in Sources */,
				28FF46B71B0C319B0077BAC6 /* NSDictionary+Easy.m in Sources */,
				28FF469F1B0C319B0077BAC6 /* NSFetchRequest+Easy.m in Sources */,
				28FF46DF1B0C319B0077BAC6 /* ProgressHUDViewController.m in Sources */,
				28FF46C91B0C319B0077BAC6 /* NSTimeZone+Easy.m in Sources */,
				28C88BD2197FAB5200383BDC /* MasterTableViewCell.m in Sources */,
				28FF46ED1B0C319B0077BAC6 /* UILabel+Easy.m in Sources */,
				28FF46B31B0C319B0077BAC6 /* NSDate+Easy.m in Sources */,
				28916774185AF30F00142F81 /* DetailViewController.m in Sources */,
				28FF46FD1B0C319B0077BAC6 /* UIView+Easy.m in Sources */,
				28FF46B91B0C319B0077BAC6 /* NSLocale+Easy.m in Sources */,
				28FF46D91B0C319B0077BAC6 /* EasyDraggableView.m in Sources */,
				28CFA1F2197F9F5200959EAD /* Post.m in Sources */,
				28FF46DB1B0C319B0077BAC6 /* EasyLabel.m in Sources */,
				28FF46E31B0C319B0077BAC6 /* UIApplication+Easy.m in Sources */,
				28FF46DD1B0C319B0077BAC6 /* UIImage+ImageEffects.m in Sources */,
				28FF46E71B0C319B0077BAC6 /* UIColor+Easy.m in Sources */,
				28FF46BD1B0C319B0077BAC6 /* NSMutableDictionary+Easy.m in Sources */,
				28FF46F91B0C319B0077BAC6 /* UITextField+Easy.m in Sources */,
				28FF46EF1B0C319B0077BAC6 /* UILocalNotification+Easy.m in Sources */,
				28FF46F51B0C319B0077BAC6 /* UITableView+Easy.m in Sources */,
				28FF46FB1B0C319B0077BAC6 /* UIToolbar+Easy.m in Sources */,
				28FF46F11B0C319B0077BAC6 /* UINavigationController+Easy.m in Sources */,
				28FF46D11B0C319B0077BAC6 /* NSManagedObject+Mapping.m in Sources */,
				28FF46C31B0C319B0077BAC6 /* NSOperation+Easy.m in Sources */,
				28916771185AF30F00142F81 /* MasterViewController.m in Sources */,
				28FF46A91B0C319B0077BAC6 /* LanguageManager.m in Sources */,
				28FF46CF1B0C319B0077BAC6 /* XMLParser.m in Sources */,
				28FF46AF1B0C319B0077BAC6 /* NSCalendar+Easy.m in Sources */,
				28FF46EB1B0C319B0077BAC6 /* UIImage+Easy.m in Sources */,
				28FF46D51B0C319B0077BAC6 /* BlurView.m in Sources */,
				28FF469D1B0C319B0077BAC6 /* NSFetchedResultsController+Easy.m in Sources */,
				28FF46B51B0C319B0077BAC6 /* NSDateFormatter+Easy.m in Sources */,
				28FF46CD1B0C319B0077BAC6 /* XMLGenerator.m in Sources */,
				28CFA1EF197F9F5100959EAD /* User.m in Sources */,
				2891676E185AF30F00142F81 /* Easy.xcdatamodeld in Sources */,
				28FF46C11B0C319B0077BAC6 /* NSObject+Easy.m in Sources */,
				28FF46A11B0C319B0077BAC6 /* NSManagedObject+Easy.m in Sources */,
				28FF46C51B0C319B0077BAC6 /* NSSet+Easy.m in Sources */,
				28FF46FF1B0C319B0077BAC6 /* UIViewController+Easy.m in Sources */,
				28FF46AB1B0C319B0077BAC6 /* LocationManager.m in Sources */,
				28916765185AF30F00142F81 /* AppDelegate.m in Sources */,
				28FF46A31B0C319B0077BAC6 /* NSManagedObjectContext+Easy.m in Sources */,
				28FF46B11B0C319B0077BAC6 /* NSData+Easy.m in Sources */,
				28FF46CB1B0C319B0077BAC6 /* UIApplication+Easy.m in Sources */,
				28FF46F31B0C319B0077BAC6 /* UISearchBar+Easy.m in Sources */,
				28FF46E11B0C319B0077BAC6 /* UIAlertView+Easy.m in Sources */,
				28FF46A51B0C319B0077BAC6 /* ApplicationInfo.m in Sources */,
				28916761185AF30F00142F81 /* main.m in Sources */,
				28FD718B1B0B40FD00038809 /* EntityMappingManager.m in Sources */,
				28FF46D71B0C319B0077BAC6 /* CIImage+Easy.m in Sources */,
				28FF46E91B0C319B0077BAC6 /* UIDevice+Easy.m in Sources */,
				28FF46AD1B0C319B0077BAC6 /* NSArray+Easy.m in Sources */,
				28FF46C71B0C319B0077BAC6 /* NSString+Easy.m in Sources */,
				28FF46F71B0C319B0077BAC6 /* UITableViewCell+Easy.m in Sources */,
			);
			runOnlyForDeploymentPostprocessing = 0;
		};
		28916777185AF30F00142F81 /* Sources */ = {
			isa = PBXSourcesBuildPhase;
			buildActionMask = 2147483647;
			files = (
				28FD718C1B0B40FD00038809 /* EntityMappingManager.m in Sources */,
				28FF46B61B0C319B0077BAC6 /* NSDateFormatter+Easy.m in Sources */,
				28FF46FE1B0C319B0077BAC6 /* UIView+Easy.m in Sources */,
				28FF469E1B0C319B0077BAC6 /* NSFetchedResultsController+Easy.m in Sources */,
				28FF46B21B0C319B0077BAC6 /* NSData+Easy.m in Sources */,
				28FF46E81B0C319B0077BAC6 /* UIColor+Easy.m in Sources */,
				28FF46BC1B0C319B0077BAC6 /* NSMutableArray+Easy.m in Sources */,
				28FF46E41B0C319B0077BAC6 /* UIApplication+Easy.m in Sources */,
				28FF46CE1B0C319B0077BAC6 /* XMLGenerator.m in Sources */,
				28FF46CC1B0C319B0077BAC6 /* UIApplication+Easy.m in Sources */,
				28FF47001B0C319B0077BAC6 /* UIViewController+Easy.m in Sources */,
				28FF46DC1B0C319B0077BAC6 /* EasyLabel.m in Sources */,
				28FF46AE1B0C319B0077BAC6 /* NSArray+Easy.m in Sources */,
				28FF46F61B0C319B0077BAC6 /* UITableView+Easy.m in Sources */,
				2891678A185AF30F00142F81 /* EasyTests.m in Sources */,
				28FF46C21B0C319B0077BAC6 /* NSObject+Easy.m in Sources */,
				28FF46F01B0C319B0077BAC6 /* UILocalNotification+Easy.m in Sources */,
				28FF46DA1B0C319B0077BAC6 /* EasyDraggableView.m in Sources */,
				28FF46BE1B0C319B0077BAC6 /* NSMutableDictionary+Easy.m in Sources */,
				28FF46AC1B0C319B0077BAC6 /* LocationManager.m in Sources */,
				28FF469C1B0C319B0077BAC6 /* CoreDataStore.m in Sources */,
				28FF46D81B0C319B0077BAC6 /* CIImage+Easy.m in Sources */,
				28FF46F81B0C319B0077BAC6 /* UITableViewCell+Easy.m in Sources */,
				28FF46A61B0C319B0077BAC6 /* ApplicationInfo.m in Sources */,
				28FF46D21B0C319B0077BAC6 /* NSManagedObject+Mapping.m in Sources */,
				28FF46EE1B0C319B0077BAC6 /* UILabel+Easy.m in Sources */,
				28FF46C41B0C319B0077BAC6 /* NSOperation+Easy.m in Sources */,
				28FF46F21B0C319B0077BAC6 /* UINavigationController+Easy.m in Sources */,
				28FF46B01B0C319B0077BAC6 /* NSCalendar+Easy.m in Sources */,
				28FF46D01B0C319B0077BAC6 /* XMLParser.m in Sources */,
				28FF46BA1B0C319B0077BAC6 /* NSLocale+Easy.m in Sources */,
				28FF47021B0C319B0077BAC6 /* UIWebView+Easy.m in Sources */,
				28FF46D41B0C319B0077BAC6 /* NSObject+Mapping.m in Sources */,
				28FF46EA1B0C319B0077BAC6 /* UIDevice+Easy.m in Sources */,
				28FF46AA1B0C319B0077BAC6 /* LanguageManager.m in Sources */,
				28FF46D61B0C319B0077BAC6 /* BlurView.m in Sources */,
				28FF46C01B0C319B0077BAC6 /* NSMutableString+Easy.m in Sources */,
				28FF46C61B0C319B0077BAC6 /* NSSet+Easy.m in Sources */,
				28FF46FA1B0C319B0077BAC6 /* UITextField+Easy.m in Sources */,
				28FF46A81B0C319B0077BAC6 /* CLGeocoder+Easy.m in Sources */,
				28FF46CA1B0C319B0077BAC6 /* NSTimeZone+Easy.m in Sources */,
				28FF46E01B0C319B0077BAC6 /* ProgressHUDViewController.m in Sources */,
				28FF46B41B0C319B0077BAC6 /* NSDate+Easy.m in Sources */,
				28FF46A41B0C319B0077BAC6 /* NSManagedObjectContext+Easy.m in Sources */,
				28FF46E61B0C319B0077BAC6 /* UIButton+Easy.m in Sources */,
				28FF46C81B0C319B0077BAC6 /* NSString+Easy.m in Sources */,
				28FF46DE1B0C319B0077BAC6 /* UIImage+ImageEffects.m in Sources */,
				28FF46A01B0C319B0077BAC6 /* NSFetchRequest+Easy.m in Sources */,
				28FF46E21B0C319B0077BAC6 /* UIAlertView+Easy.m in Sources */,
				28FF46B81B0C319B0077BAC6 /* NSDictionary+Easy.m in Sources */,
				28FF46F41B0C319B0077BAC6 /* UISearchBar+Easy.m in Sources */,
				28FF46A21B0C319B0077BAC6 /* NSManagedObject+Easy.m in Sources */,
				28FF46EC1B0C319B0077BAC6 /* UIImage+Easy.m in Sources */,
				28FF46FC1B0C319B0077BAC6 /* UIToolbar+Easy.m in Sources */,
			);
			runOnlyForDeploymentPostprocessing = 0;
		};
/* End PBXSourcesBuildPhase section */

/* Begin PBXTargetDependency section */
		28916782185AF30F00142F81 /* PBXTargetDependency */ = {
			isa = PBXTargetDependency;
			target = 2891674E185AF30F00142F81 /* Easy */;
			targetProxy = 28916781185AF30F00142F81 /* PBXContainerItemProxy */;
		};
/* End PBXTargetDependency section */

/* Begin PBXVariantGroup section */
		2891675D185AF30F00142F81 /* InfoPlist.strings */ = {
			isa = PBXVariantGroup;
			children = (
				2891675E185AF30F00142F81 /* en */,
			);
			name = InfoPlist.strings;
			sourceTree = "<group>";
		};
		28916766185AF30F00142F81 /* Main.storyboard */ = {
			isa = PBXVariantGroup;
			children = (
				2892CAA4185AFFCD00848A99 /* en */,
			);
			name = Main.storyboard;
			sourceTree = "<group>";
		};
		28916786185AF30F00142F81 /* InfoPlist.strings */ = {
			isa = PBXVariantGroup;
			children = (
				28916787185AF30F00142F81 /* en */,
			);
			name = InfoPlist.strings;
			sourceTree = "<group>";
		};
/* End PBXVariantGroup section */

/* Begin XCBuildConfiguration section */
		2891678B185AF30F00142F81 /* Debug */ = {
			isa = XCBuildConfiguration;
			buildSettings = {
				ALWAYS_SEARCH_USER_PATHS = NO;
				CLANG_CXX_LANGUAGE_STANDARD = "gnu++0x";
				CLANG_CXX_LIBRARY = "libc++";
				CLANG_ENABLE_MODULES = YES;
				CLANG_ENABLE_OBJC_ARC = YES;
				CLANG_WARN_BOOL_CONVERSION = YES;
				CLANG_WARN_CONSTANT_CONVERSION = YES;
				CLANG_WARN_DIRECT_OBJC_ISA_USAGE = YES_ERROR;
				CLANG_WARN_EMPTY_BODY = YES;
				CLANG_WARN_ENUM_CONVERSION = YES;
				CLANG_WARN_INT_CONVERSION = YES;
				CLANG_WARN_OBJC_ROOT_CLASS = YES_ERROR;
				CLANG_WARN__DUPLICATE_METHOD_MATCH = YES;
				"CODE_SIGN_IDENTITY[sdk=iphoneos*]" = "iPhone Developer";
				COPY_PHASE_STRIP = NO;
				GCC_C_LANGUAGE_STANDARD = gnu99;
				GCC_DYNAMIC_NO_PIC = NO;
				GCC_OPTIMIZATION_LEVEL = 0;
				GCC_PREPROCESSOR_DEFINITIONS = (
					"DEBUG=1",
					"$(inherited)",
				);
				GCC_SYMBOLS_PRIVATE_EXTERN = NO;
				GCC_WARN_64_TO_32_BIT_CONVERSION = YES;
				GCC_WARN_ABOUT_RETURN_TYPE = YES_ERROR;
				GCC_WARN_UNDECLARED_SELECTOR = YES;
				GCC_WARN_UNINITIALIZED_AUTOS = YES;
				GCC_WARN_UNUSED_FUNCTION = YES;
				GCC_WARN_UNUSED_VARIABLE = YES;
				IPHONEOS_DEPLOYMENT_TARGET = 7.0;
				ONLY_ACTIVE_ARCH = YES;
				SDKROOT = iphoneos;
				TARGETED_DEVICE_FAMILY = "1,2";
			};
			name = Debug;
		};
		2891678C185AF30F00142F81 /* Release */ = {
			isa = XCBuildConfiguration;
			buildSettings = {
				ALWAYS_SEARCH_USER_PATHS = NO;
				CLANG_CXX_LANGUAGE_STANDARD = "gnu++0x";
				CLANG_CXX_LIBRARY = "libc++";
				CLANG_ENABLE_MODULES = YES;
				CLANG_ENABLE_OBJC_ARC = YES;
				CLANG_WARN_BOOL_CONVERSION = YES;
				CLANG_WARN_CONSTANT_CONVERSION = YES;
				CLANG_WARN_DIRECT_OBJC_ISA_USAGE = YES_ERROR;
				CLANG_WARN_EMPTY_BODY = YES;
				CLANG_WARN_ENUM_CONVERSION = YES;
				CLANG_WARN_INT_CONVERSION = YES;
				CLANG_WARN_OBJC_ROOT_CLASS = YES_ERROR;
				CLANG_WARN__DUPLICATE_METHOD_MATCH = YES;
				"CODE_SIGN_IDENTITY[sdk=iphoneos*]" = "iPhone Developer";
				COPY_PHASE_STRIP = YES;
				ENABLE_NS_ASSERTIONS = NO;
				GCC_C_LANGUAGE_STANDARD = gnu99;
				GCC_WARN_64_TO_32_BIT_CONVERSION = YES;
				GCC_WARN_ABOUT_RETURN_TYPE = YES_ERROR;
				GCC_WARN_UNDECLARED_SELECTOR = YES;
				GCC_WARN_UNINITIALIZED_AUTOS = YES;
				GCC_WARN_UNUSED_FUNCTION = YES;
				GCC_WARN_UNUSED_VARIABLE = YES;
				IPHONEOS_DEPLOYMENT_TARGET = 7.0;
				SDKROOT = iphoneos;
				TARGETED_DEVICE_FAMILY = "1,2";
				VALIDATE_PRODUCT = YES;
			};
			name = Release;
		};
		2891678E185AF30F00142F81 /* Debug */ = {
			isa = XCBuildConfiguration;
			buildSettings = {
				ASSETCATALOG_COMPILER_APPICON_NAME = AppIcon;
				ASSETCATALOG_COMPILER_LAUNCHIMAGE_NAME = LaunchImage;
				CLANG_ENABLE_MODULES = YES;
				GCC_PRECOMPILE_PREFIX_HEADER = YES;
				GCC_PREFIX_HEADER = "Easy/Easy-Prefix.pch";
				INFOPLIST_FILE = "Easy/Easy-Info.plist";
				IPHONEOS_DEPLOYMENT_TARGET = 7.0;
				LD_RUNPATH_SEARCH_PATHS = "$(inherited) @executable_path/Frameworks";
				PRODUCT_NAME = "$(TARGET_NAME)";
				SWIFT_OPTIMIZATION_LEVEL = "-Onone";
				WRAPPER_EXTENSION = app;
			};
			name = Debug;
		};
		2891678F185AF30F00142F81 /* Release */ = {
			isa = XCBuildConfiguration;
			buildSettings = {
				ASSETCATALOG_COMPILER_APPICON_NAME = AppIcon;
				ASSETCATALOG_COMPILER_LAUNCHIMAGE_NAME = LaunchImage;
				CLANG_ENABLE_MODULES = YES;
				GCC_PRECOMPILE_PREFIX_HEADER = YES;
				GCC_PREFIX_HEADER = "Easy/Easy-Prefix.pch";
				INFOPLIST_FILE = "Easy/Easy-Info.plist";
				IPHONEOS_DEPLOYMENT_TARGET = 7.0;
				LD_RUNPATH_SEARCH_PATHS = "$(inherited) @executable_path/Frameworks";
				PRODUCT_NAME = "$(TARGET_NAME)";
				WRAPPER_EXTENSION = app;
			};
			name = Release;
		};
		28916791185AF30F00142F81 /* Debug */ = {
			isa = XCBuildConfiguration;
			buildSettings = {
				BUNDLE_LOADER = "$(BUILT_PRODUCTS_DIR)/Easy.app/Easy";
				FRAMEWORK_SEARCH_PATHS = (
					"$(SDKROOT)/Developer/Library/Frameworks",
					"$(inherited)",
					"$(DEVELOPER_FRAMEWORKS_DIR)",
				);
				GCC_PRECOMPILE_PREFIX_HEADER = YES;
				GCC_PREFIX_HEADER = "Easy/Easy-Prefix.pch";
				GCC_PREPROCESSOR_DEFINITIONS = (
					"DEBUG=1",
					"$(inherited)",
				);
				INFOPLIST_FILE = "EasyTests/EasyTests-Info.plist";
				PRODUCT_NAME = "$(TARGET_NAME)";
				TEST_HOST = "$(BUNDLE_LOADER)";
				WRAPPER_EXTENSION = xctest;
			};
			name = Debug;
		};
		28916792185AF30F00142F81 /* Release */ = {
			isa = XCBuildConfiguration;
			buildSettings = {
				BUNDLE_LOADER = "$(BUILT_PRODUCTS_DIR)/Easy.app/Easy";
				FRAMEWORK_SEARCH_PATHS = (
					"$(SDKROOT)/Developer/Library/Frameworks",
					"$(inherited)",
					"$(DEVELOPER_FRAMEWORKS_DIR)",
				);
				GCC_PRECOMPILE_PREFIX_HEADER = YES;
				GCC_PREFIX_HEADER = "Easy/Easy-Prefix.pch";
				INFOPLIST_FILE = "EasyTests/EasyTests-Info.plist";
				PRODUCT_NAME = "$(TARGET_NAME)";
				TEST_HOST = "$(BUNDLE_LOADER)";
				WRAPPER_EXTENSION = xctest;
			};
			name = Release;
		};
/* End XCBuildConfiguration section */

/* Begin XCConfigurationList section */
		2891674A185AF30F00142F81 /* Build configuration list for PBXProject "Easy" */ = {
			isa = XCConfigurationList;
			buildConfigurations = (
				2891678B185AF30F00142F81 /* Debug */,
				2891678C185AF30F00142F81 /* Release */,
			);
			defaultConfigurationIsVisible = 0;
			defaultConfigurationName = Release;
		};
		2891678D185AF30F00142F81 /* Build configuration list for PBXNativeTarget "Easy" */ = {
			isa = XCConfigurationList;
			buildConfigurations = (
				2891678E185AF30F00142F81 /* Debug */,
				2891678F185AF30F00142F81 /* Release */,
			);
			defaultConfigurationIsVisible = 0;
			defaultConfigurationName = Release;
		};
		28916790185AF30F00142F81 /* Build configuration list for PBXNativeTarget "EasyTests" */ = {
			isa = XCConfigurationList;
			buildConfigurations = (
				28916791185AF30F00142F81 /* Debug */,
				28916792185AF30F00142F81 /* Release */,
			);
			defaultConfigurationIsVisible = 0;
			defaultConfigurationName = Release;
		};
/* End XCConfigurationList section */

/* Begin XCVersionGroup section */
		2891676C185AF30F00142F81 /* Easy.xcdatamodeld */ = {
			isa = XCVersionGroup;
			children = (
				2891676D185AF30F00142F81 /* Easy.xcdatamodel */,
			);
			currentVersion = 2891676D185AF30F00142F81 /* Easy.xcdatamodel */;
			path = Easy.xcdatamodeld;
			sourceTree = "<group>";
			versionGroupType = wrapper.xcdatamodel;
		};
/* End XCVersionGroup section */
	};
	rootObject = 28916747185AF30F00142F81 /* Project object */;
}
