// !$*UTF8*$!
{
	archiveVersion = 1;
	classes = {
	};
	objectVersion = 46;
	objects = {

/* Begin PBXBuildFile section */
		28916753185AF30F00142F81 /* Foundation.framework in Frameworks */ = {isa = PBXBuildFile; fileRef = 28916752185AF30F00142F81 /* Foundation.framework */; };
		28916755185AF30F00142F81 /* CoreGraphics.framework in Frameworks */ = {isa = PBXBuildFile; fileRef = 28916754185AF30F00142F81 /* CoreGraphics.framework */; };
		28916757185AF30F00142F81 /* UIKit.framework in Frameworks */ = {isa = PBXBuildFile; fileRef = 28916756185AF30F00142F81 /* UIKit.framework */; };
		28916759185AF30F00142F81 /* CoreData.framework in Frameworks */ = {isa = PBXBuildFile; fileRef = 28916758185AF30F00142F81 /* CoreData.framework */; };
		2891675F185AF30F00142F81 /* InfoPlist.strings in Resources */ = {isa = PBXBuildFile; fileRef = 2891675D185AF30F00142F81 /* InfoPlist.strings */; };
		28916761185AF30F00142F81 /* main.m in Sources */ = {isa = PBXBuildFile; fileRef = 28916760185AF30F00142F81 /* main.m */; };
		28916765185AF30F00142F81 /* AppDelegate.m in Sources */ = {isa = PBXBuildFile; fileRef = 28916764185AF30F00142F81 /* AppDelegate.m */; };
		28916768185AF30F00142F81 /* Main.storyboard in Resources */ = {isa = PBXBuildFile; fileRef = 28916766185AF30F00142F81 /* Main.storyboard */; };
		2891676E185AF30F00142F81 /* Easy.xcdatamodeld in Sources */ = {isa = PBXBuildFile; fileRef = 2891676C185AF30F00142F81 /* Easy.xcdatamodeld */; };
		28916771185AF30F00142F81 /* MasterViewController.m in Sources */ = {isa = PBXBuildFile; fileRef = 28916770185AF30F00142F81 /* MasterViewController.m */; };
		28916774185AF30F00142F81 /* DetailViewController.m in Sources */ = {isa = PBXBuildFile; fileRef = 28916773185AF30F00142F81 /* DetailViewController.m */; };
		28916776185AF30F00142F81 /* Images.xcassets in Resources */ = {isa = PBXBuildFile; fileRef = 28916775185AF30F00142F81 /* Images.xcassets */; };
		2891677D185AF30F00142F81 /* XCTest.framework in Frameworks */ = {isa = PBXBuildFile; fileRef = 2891677C185AF30F00142F81 /* XCTest.framework */; };
		2891677E185AF30F00142F81 /* Foundation.framework in Frameworks */ = {isa = PBXBuildFile; fileRef = 28916752185AF30F00142F81 /* Foundation.framework */; };
		2891677F185AF30F00142F81 /* UIKit.framework in Frameworks */ = {isa = PBXBuildFile; fileRef = 28916756185AF30F00142F81 /* UIKit.framework */; };
		28916780185AF30F00142F81 /* CoreData.framework in Frameworks */ = {isa = PBXBuildFile; fileRef = 28916758185AF30F00142F81 /* CoreData.framework */; };
		28916788185AF30F00142F81 /* InfoPlist.strings in Resources */ = {isa = PBXBuildFile; fileRef = 28916786185AF30F00142F81 /* InfoPlist.strings */; };
		2891678A185AF30F00142F81 /* EasyTests.m in Sources */ = {isa = PBXBuildFile; fileRef = 28916789185AF30F00142F81 /* EasyTests.m */; };
		28C88BD2197FAB5200383BDC /* MasterTableViewCell.m in Sources */ = {isa = PBXBuildFile; fileRef = 28C88BD1197FAB5200383BDC /* MasterTableViewCell.m */; };
		28CFA1EF197F9F5100959EAD /* User.m in Sources */ = {isa = PBXBuildFile; fileRef = 28CFA1EE197F9F5100959EAD /* User.m */; };
		28CFA1F2197F9F5200959EAD /* Post.m in Sources */ = {isa = PBXBuildFile; fileRef = 28CFA1F1197F9F5200959EAD /* Post.m */; };
		28FD70F11B0B378300038809 /* CoreDataStore.m in Sources */ = {isa = PBXBuildFile; fileRef = 28FD70901B0B378300038809 /* CoreDataStore.m */; };
		28FD70F21B0B378300038809 /* CoreDataStore.m in Sources */ = {isa = PBXBuildFile; fileRef = 28FD70901B0B378300038809 /* CoreDataStore.m */; };
		28FD70F31B0B378300038809 /* NSFetchedResultsController+Easy.m in Sources */ = {isa = PBXBuildFile; fileRef = 28FD70921B0B378300038809 /* NSFetchedResultsController+Easy.m */; };
		28FD70F41B0B378300038809 /* NSFetchedResultsController+Easy.m in Sources */ = {isa = PBXBuildFile; fileRef = 28FD70921B0B378300038809 /* NSFetchedResultsController+Easy.m */; };
		28FD70F51B0B378300038809 /* NSFetchRequest+Easy.m in Sources */ = {isa = PBXBuildFile; fileRef = 28FD70941B0B378300038809 /* NSFetchRequest+Easy.m */; };
		28FD70F61B0B378300038809 /* NSFetchRequest+Easy.m in Sources */ = {isa = PBXBuildFile; fileRef = 28FD70941B0B378300038809 /* NSFetchRequest+Easy.m */; };
		28FD70F71B0B378300038809 /* NSManagedObject+Easy.m in Sources */ = {isa = PBXBuildFile; fileRef = 28FD70961B0B378300038809 /* NSManagedObject+Easy.m */; };
		28FD70F81B0B378300038809 /* NSManagedObject+Easy.m in Sources */ = {isa = PBXBuildFile; fileRef = 28FD70961B0B378300038809 /* NSManagedObject+Easy.m */; };
		28FD70F91B0B378300038809 /* NSManagedObjectContext+Easy.m in Sources */ = {isa = PBXBuildFile; fileRef = 28FD70981B0B378300038809 /* NSManagedObjectContext+Easy.m */; };
		28FD70FA1B0B378300038809 /* NSManagedObjectContext+Easy.m in Sources */ = {isa = PBXBuildFile; fileRef = 28FD70981B0B378300038809 /* NSManagedObjectContext+Easy.m */; };
		28FD70FB1B0B378300038809 /* ApplicationInfo.m in Sources */ = {isa = PBXBuildFile; fileRef = 28FD709C1B0B378300038809 /* ApplicationInfo.m */; };
		28FD70FC1B0B378300038809 /* ApplicationInfo.m in Sources */ = {isa = PBXBuildFile; fileRef = 28FD709C1B0B378300038809 /* ApplicationInfo.m */; };
		28FD70FD1B0B378300038809 /* CLGeocoder+Easy.m in Sources */ = {isa = PBXBuildFile; fileRef = 28FD709E1B0B378300038809 /* CLGeocoder+Easy.m */; };
		28FD70FE1B0B378300038809 /* CLGeocoder+Easy.m in Sources */ = {isa = PBXBuildFile; fileRef = 28FD709E1B0B378300038809 /* CLGeocoder+Easy.m */; };
		28FD70FF1B0B378300038809 /* LocationManager.m in Sources */ = {isa = PBXBuildFile; fileRef = 28FD70A01B0B378300038809 /* LocationManager.m */; };
		28FD71001B0B378300038809 /* LocationManager.m in Sources */ = {isa = PBXBuildFile; fileRef = 28FD70A01B0B378300038809 /* LocationManager.m */; };
		28FD71011B0B378300038809 /* NSArray+Easy.m in Sources */ = {isa = PBXBuildFile; fileRef = 28FD70A31B0B378300038809 /* NSArray+Easy.m */; };
		28FD71021B0B378300038809 /* NSArray+Easy.m in Sources */ = {isa = PBXBuildFile; fileRef = 28FD70A31B0B378300038809 /* NSArray+Easy.m */; };
		28FD71031B0B378300038809 /* NSCalendar+Easy.m in Sources */ = {isa = PBXBuildFile; fileRef = 28FD70A51B0B378300038809 /* NSCalendar+Easy.m */; };
		28FD71041B0B378300038809 /* NSCalendar+Easy.m in Sources */ = {isa = PBXBuildFile; fileRef = 28FD70A51B0B378300038809 /* NSCalendar+Easy.m */; };
		28FD71051B0B378300038809 /* NSData+Easy.m in Sources */ = {isa = PBXBuildFile; fileRef = 28FD70A71B0B378300038809 /* NSData+Easy.m */; };
		28FD71061B0B378300038809 /* NSData+Easy.m in Sources */ = {isa = PBXBuildFile; fileRef = 28FD70A71B0B378300038809 /* NSData+Easy.m */; };
		28FD71071B0B378300038809 /* NSDate+Easy.m in Sources */ = {isa = PBXBuildFile; fileRef = 28FD70A91B0B378300038809 /* NSDate+Easy.m */; };
		28FD71081B0B378300038809 /* NSDate+Easy.m in Sources */ = {isa = PBXBuildFile; fileRef = 28FD70A91B0B378300038809 /* NSDate+Easy.m */; };
		28FD71091B0B378300038809 /* NSDateFormatter+Easy.m in Sources */ = {isa = PBXBuildFile; fileRef = 28FD70AB1B0B378300038809 /* NSDateFormatter+Easy.m */; };
		28FD710A1B0B378300038809 /* NSDateFormatter+Easy.m in Sources */ = {isa = PBXBuildFile; fileRef = 28FD70AB1B0B378300038809 /* NSDateFormatter+Easy.m */; };
		28FD710B1B0B378300038809 /* NSDictionary+Easy.m in Sources */ = {isa = PBXBuildFile; fileRef = 28FD70AD1B0B378300038809 /* NSDictionary+Easy.m */; };
		28FD710C1B0B378300038809 /* NSDictionary+Easy.m in Sources */ = {isa = PBXBuildFile; fileRef = 28FD70AD1B0B378300038809 /* NSDictionary+Easy.m */; };
		28FD710D1B0B378300038809 /* NSLocale+Easy.m in Sources */ = {isa = PBXBuildFile; fileRef = 28FD70AF1B0B378300038809 /* NSLocale+Easy.m */; };
		28FD710E1B0B378300038809 /* NSLocale+Easy.m in Sources */ = {isa = PBXBuildFile; fileRef = 28FD70AF1B0B378300038809 /* NSLocale+Easy.m */; };
		28FD710F1B0B378300038809 /* NSMutableArray+Easy.m in Sources */ = {isa = PBXBuildFile; fileRef = 28FD70B11B0B378300038809 /* NSMutableArray+Easy.m */; };
		28FD71101B0B378300038809 /* NSMutableArray+Easy.m in Sources */ = {isa = PBXBuildFile; fileRef = 28FD70B11B0B378300038809 /* NSMutableArray+Easy.m */; };
		28FD71111B0B378300038809 /* NSMutableDictionary+Easy.m in Sources */ = {isa = PBXBuildFile; fileRef = 28FD70B31B0B378300038809 /* NSMutableDictionary+Easy.m */; };
		28FD71121B0B378300038809 /* NSMutableDictionary+Easy.m in Sources */ = {isa = PBXBuildFile; fileRef = 28FD70B31B0B378300038809 /* NSMutableDictionary+Easy.m */; };
		28FD71131B0B378300038809 /* NSMutableString+Easy.m in Sources */ = {isa = PBXBuildFile; fileRef = 28FD70B51B0B378300038809 /* NSMutableString+Easy.m */; };
		28FD71141B0B378300038809 /* NSMutableString+Easy.m in Sources */ = {isa = PBXBuildFile; fileRef = 28FD70B51B0B378300038809 /* NSMutableString+Easy.m */; };
		28FD71151B0B378300038809 /* NSObject+Easy.m in Sources */ = {isa = PBXBuildFile; fileRef = 28FD70B71B0B378300038809 /* NSObject+Easy.m */; };
		28FD71161B0B378300038809 /* NSObject+Easy.m in Sources */ = {isa = PBXBuildFile; fileRef = 28FD70B71B0B378300038809 /* NSObject+Easy.m */; };
		28FD71171B0B378300038809 /* NSOperation+Easy.m in Sources */ = {isa = PBXBuildFile; fileRef = 28FD70B91B0B378300038809 /* NSOperation+Easy.m */; };
		28FD71181B0B378300038809 /* NSOperation+Easy.m in Sources */ = {isa = PBXBuildFile; fileRef = 28FD70B91B0B378300038809 /* NSOperation+Easy.m */; };
		28FD71191B0B378300038809 /* NSSet+Easy.m in Sources */ = {isa = PBXBuildFile; fileRef = 28FD70BB1B0B378300038809 /* NSSet+Easy.m */; };
		28FD711A1B0B378300038809 /* NSSet+Easy.m in Sources */ = {isa = PBXBuildFile; fileRef = 28FD70BB1B0B378300038809 /* NSSet+Easy.m */; };
		28FD711B1B0B378300038809 /* NSString+Easy.m in Sources */ = {isa = PBXBuildFile; fileRef = 28FD70BD1B0B378300038809 /* NSString+Easy.m */; };
		28FD711C1B0B378300038809 /* NSString+Easy.m in Sources */ = {isa = PBXBuildFile; fileRef = 28FD70BD1B0B378300038809 /* NSString+Easy.m */; };
		28FD711D1B0B378300038809 /* NSTimeZone+Easy.m in Sources */ = {isa = PBXBuildFile; fileRef = 28FD70BF1B0B378300038809 /* NSTimeZone+Easy.m */; };
		28FD711E1B0B378300038809 /* NSTimeZone+Easy.m in Sources */ = {isa = PBXBuildFile; fileRef = 28FD70BF1B0B378300038809 /* NSTimeZone+Easy.m */; };
		28FD711F1B0B378300038809 /* UIApplication+Easy.m in Sources */ = {isa = PBXBuildFile; fileRef = 28FD70C11B0B378300038809 /* UIApplication+Easy.m */; };
		28FD71201B0B378300038809 /* UIApplication+Easy.m in Sources */ = {isa = PBXBuildFile; fileRef = 28FD70C11B0B378300038809 /* UIApplication+Easy.m */; };
		28FD71211B0B378300038809 /* XMLParser.m in Sources */ = {isa = PBXBuildFile; fileRef = 28FD70C31B0B378300038809 /* XMLParser.m */; };
		28FD71221B0B378300038809 /* XMLParser.m in Sources */ = {isa = PBXBuildFile; fileRef = 28FD70C31B0B378300038809 /* XMLParser.m */; };
		28FD71231B0B378300038809 /* NSManagedObject+Mapping.m in Sources */ = {isa = PBXBuildFile; fileRef = 28FD70C71B0B378300038809 /* NSManagedObject+Mapping.m */; };
		28FD71241B0B378300038809 /* NSManagedObject+Mapping.m in Sources */ = {isa = PBXBuildFile; fileRef = 28FD70C71B0B378300038809 /* NSManagedObject+Mapping.m */; };
		28FD71251B0B378300038809 /* NSObject+Mapping.m in Sources */ = {isa = PBXBuildFile; fileRef = 28FD70C91B0B378300038809 /* NSObject+Mapping.m */; };
		28FD71261B0B378300038809 /* NSObject+Mapping.m in Sources */ = {isa = PBXBuildFile; fileRef = 28FD70C91B0B378300038809 /* NSObject+Mapping.m */; };
		28FD71271B0B378300038809 /* CIImage+Easy.m in Sources */ = {isa = PBXBuildFile; fileRef = 28FD70CC1B0B378300038809 /* CIImage+Easy.m */; };
		28FD71281B0B378300038809 /* CIImage+Easy.m in Sources */ = {isa = PBXBuildFile; fileRef = 28FD70CC1B0B378300038809 /* CIImage+Easy.m */; };
		28FD71291B0B378300038809 /* EasyDraggableView.m in Sources */ = {isa = PBXBuildFile; fileRef = 28FD70CE1B0B378300038809 /* EasyDraggableView.m */; };
		28FD712A1B0B378300038809 /* EasyDraggableView.m in Sources */ = {isa = PBXBuildFile; fileRef = 28FD70CE1B0B378300038809 /* EasyDraggableView.m */; };
		28FD712B1B0B378300038809 /* EasyLabel.m in Sources */ = {isa = PBXBuildFile; fileRef = 28FD70D01B0B378300038809 /* EasyLabel.m */; };
		28FD712C1B0B378300038809 /* EasyLabel.m in Sources */ = {isa = PBXBuildFile; fileRef = 28FD70D01B0B378300038809 /* EasyLabel.m */; };
		28FD712D1B0B378300038809 /* UIAlertView+Easy.m in Sources */ = {isa = PBXBuildFile; fileRef = 28FD70D21B0B378300038809 /* UIAlertView+Easy.m */; };
		28FD712E1B0B378300038809 /* UIAlertView+Easy.m in Sources */ = {isa = PBXBuildFile; fileRef = 28FD70D21B0B378300038809 /* UIAlertView+Easy.m */; };
		28FD712F1B0B378300038809 /* UIButton+Easy.m in Sources */ = {isa = PBXBuildFile; fileRef = 28FD70D41B0B378300038809 /* UIButton+Easy.m */; };
		28FD71301B0B378300038809 /* UIButton+Easy.m in Sources */ = {isa = PBXBuildFile; fileRef = 28FD70D41B0B378300038809 /* UIButton+Easy.m */; };
		28FD71311B0B378300038809 /* UIColor+Easy.m in Sources */ = {isa = PBXBuildFile; fileRef = 28FD70D61B0B378300038809 /* UIColor+Easy.m */; };
		28FD71321B0B378300038809 /* UIColor+Easy.m in Sources */ = {isa = PBXBuildFile; fileRef = 28FD70D61B0B378300038809 /* UIColor+Easy.m */; };
		28FD71331B0B378300038809 /* UIDevice+Easy.m in Sources */ = {isa = PBXBuildFile; fileRef = 28FD70D81B0B378300038809 /* UIDevice+Easy.m */; };
		28FD71341B0B378300038809 /* UIDevice+Easy.m in Sources */ = {isa = PBXBuildFile; fileRef = 28FD70D81B0B378300038809 /* UIDevice+Easy.m */; };
		28FD71351B0B378300038809 /* UIImage+Easy.m in Sources */ = {isa = PBXBuildFile; fileRef = 28FD70DA1B0B378300038809 /* UIImage+Easy.m */; };
		28FD71361B0B378300038809 /* UIImage+Easy.m in Sources */ = {isa = PBXBuildFile; fileRef = 28FD70DA1B0B378300038809 /* UIImage+Easy.m */; };
		28FD71371B0B378300038809 /* UILabel+Easy.m in Sources */ = {isa = PBXBuildFile; fileRef = 28FD70DC1B0B378300038809 /* UILabel+Easy.m */; };
		28FD71381B0B378300038809 /* UILabel+Easy.m in Sources */ = {isa = PBXBuildFile; fileRef = 28FD70DC1B0B378300038809 /* UILabel+Easy.m */; };
		28FD71391B0B378300038809 /* UILocalNotification+Easy.m in Sources */ = {isa = PBXBuildFile; fileRef = 28FD70DE1B0B378300038809 /* UILocalNotification+Easy.m */; };
		28FD713A1B0B378300038809 /* UILocalNotification+Easy.m in Sources */ = {isa = PBXBuildFile; fileRef = 28FD70DE1B0B378300038809 /* UILocalNotification+Easy.m */; };
		28FD713B1B0B378300038809 /* UINavigationController+Easy.m in Sources */ = {isa = PBXBuildFile; fileRef = 28FD70E01B0B378300038809 /* UINavigationController+Easy.m */; };
		28FD713C1B0B378300038809 /* UINavigationController+Easy.m in Sources */ = {isa = PBXBuildFile; fileRef = 28FD70E01B0B378300038809 /* UINavigationController+Easy.m */; };
		28FD713D1B0B378300038809 /* UISearchBar+Easy.m in Sources */ = {isa = PBXBuildFile; fileRef = 28FD70E21B0B378300038809 /* UISearchBar+Easy.m */; };
		28FD713E1B0B378300038809 /* UISearchBar+Easy.m in Sources */ = {isa = PBXBuildFile; fileRef = 28FD70E21B0B378300038809 /* UISearchBar+Easy.m */; };
		28FD713F1B0B378300038809 /* UITableView+Easy.m in Sources */ = {isa = PBXBuildFile; fileRef = 28FD70E41B0B378300038809 /* UITableView+Easy.m */; };
		28FD71401B0B378300038809 /* UITableView+Easy.m in Sources */ = {isa = PBXBuildFile; fileRef = 28FD70E41B0B378300038809 /* UITableView+Easy.m */; };
		28FD71411B0B378300038809 /* UITableViewCell+Easy.m in Sources */ = {isa = PBXBuildFile; fileRef = 28FD70E61B0B378300038809 /* UITableViewCell+Easy.m */; };
		28FD71421B0B378300038809 /* UITableViewCell+Easy.m in Sources */ = {isa = PBXBuildFile; fileRef = 28FD70E61B0B378300038809 /* UITableViewCell+Easy.m */; };
		28FD71431B0B378300038809 /* UITextField+Easy.m in Sources */ = {isa = PBXBuildFile; fileRef = 28FD70E81B0B378300038809 /* UITextField+Easy.m */; };
		28FD71441B0B378300038809 /* UITextField+Easy.m in Sources */ = {isa = PBXBuildFile; fileRef = 28FD70E81B0B378300038809 /* UITextField+Easy.m */; };
		28FD71451B0B378300038809 /* UIToolbar+Easy.m in Sources */ = {isa = PBXBuildFile; fileRef = 28FD70EA1B0B378300038809 /* UIToolbar+Easy.m */; };
		28FD71461B0B378300038809 /* UIToolbar+Easy.m in Sources */ = {isa = PBXBuildFile; fileRef = 28FD70EA1B0B378300038809 /* UIToolbar+Easy.m */; };
		28FD71471B0B378300038809 /* UIView+Easy.m in Sources */ = {isa = PBXBuildFile; fileRef = 28FD70EC1B0B378300038809 /* UIView+Easy.m */; };
		28FD71481B0B378300038809 /* UIView+Easy.m in Sources */ = {isa = PBXBuildFile; fileRef = 28FD70EC1B0B378300038809 /* UIView+Easy.m */; };
		28FD71491B0B378300038809 /* UIViewController+Easy.m in Sources */ = {isa = PBXBuildFile; fileRef = 28FD70EE1B0B378300038809 /* UIViewController+Easy.m */; };
		28FD714A1B0B378300038809 /* UIViewController+Easy.m in Sources */ = {isa = PBXBuildFile; fileRef = 28FD70EE1B0B378300038809 /* UIViewController+Easy.m */; };
		28FD714B1B0B378300038809 /* UIWebView+Easy.m in Sources */ = {isa = PBXBuildFile; fileRef = 28FD70F01B0B378300038809 /* UIWebView+Easy.m */; };
		28FD714C1B0B378300038809 /* UIWebView+Easy.m in Sources */ = {isa = PBXBuildFile; fileRef = 28FD70F01B0B378300038809 /* UIWebView+Easy.m */; };
		28FD714F1B0B37B100038809 /* LanguageManager.m in Sources */ = {isa = PBXBuildFile; fileRef = 28FD714E1B0B37B100038809 /* LanguageManager.m */; };
		28FD71501B0B37B100038809 /* LanguageManager.m in Sources */ = {isa = PBXBuildFile; fileRef = 28FD714E1B0B37B100038809 /* LanguageManager.m */; };
		28FD718B1B0B40FD00038809 /* EntityMappingManager.m in Sources */ = {isa = PBXBuildFile; fileRef = 28FD718A1B0B40FD00038809 /* EntityMappingManager.m */; };
		28FD718C1B0B40FD00038809 /* EntityMappingManager.m in Sources */ = {isa = PBXBuildFile; fileRef = 28FD718A1B0B40FD00038809 /* EntityMappingManager.m */; };
/* End PBXBuildFile section */

/* Begin PBXContainerItemProxy section */
		28916781185AF30F00142F81 /* PBXContainerItemProxy */ = {
			isa = PBXContainerItemProxy;
			containerPortal = 28916747185AF30F00142F81 /* Project object */;
			proxyType = 1;
			remoteGlobalIDString = 2891674E185AF30F00142F81;
			remoteInfo = Easy;
		};
/* End PBXContainerItemProxy section */

/* Begin PBXFileReference section */
		2891674F185AF30F00142F81 /* Easy.app */ = {isa = PBXFileReference; explicitFileType = wrapper.application; includeInIndex = 0; path = Easy.app; sourceTree = BUILT_PRODUCTS_DIR; };
		28916752185AF30F00142F81 /* Foundation.framework */ = {isa = PBXFileReference; lastKnownFileType = wrapper.framework; name = Foundation.framework; path = System/Library/Frameworks/Foundation.framework; sourceTree = SDKROOT; };
		28916754185AF30F00142F81 /* CoreGraphics.framework */ = {isa = PBXFileReference; lastKnownFileType = wrapper.framework; name = CoreGraphics.framework; path = System/Library/Frameworks/CoreGraphics.framework; sourceTree = SDKROOT; };
		28916756185AF30F00142F81 /* UIKit.framework */ = {isa = PBXFileReference; lastKnownFileType = wrapper.framework; name = UIKit.framework; path = System/Library/Frameworks/UIKit.framework; sourceTree = SDKROOT; };
		28916758185AF30F00142F81 /* CoreData.framework */ = {isa = PBXFileReference; lastKnownFileType = wrapper.framework; name = CoreData.framework; path = System/Library/Frameworks/CoreData.framework; sourceTree = SDKROOT; };
		2891675C185AF30F00142F81 /* Easy-Info.plist */ = {isa = PBXFileReference; lastKnownFileType = text.plist.xml; path = "Easy-Info.plist"; sourceTree = "<group>"; };
		2891675E185AF30F00142F81 /* en */ = {isa = PBXFileReference; lastKnownFileType = text.plist.strings; name = en; path = en.lproj/InfoPlist.strings; sourceTree = "<group>"; };
		28916760185AF30F00142F81 /* main.m */ = {isa = PBXFileReference; lastKnownFileType = sourcecode.c.objc; path = main.m; sourceTree = "<group>"; };
		28916762185AF30F00142F81 /* Easy-Prefix.pch */ = {isa = PBXFileReference; lastKnownFileType = sourcecode.c.h; path = "Easy-Prefix.pch"; sourceTree = "<group>"; };
		28916763185AF30F00142F81 /* AppDelegate.h */ = {isa = PBXFileReference; lastKnownFileType = sourcecode.c.h; path = AppDelegate.h; sourceTree = "<group>"; };
		28916764185AF30F00142F81 /* AppDelegate.m */ = {isa = PBXFileReference; lastKnownFileType = sourcecode.c.objc; path = AppDelegate.m; sourceTree = "<group>"; };
		2891676D185AF30F00142F81 /* Easy.xcdatamodel */ = {isa = PBXFileReference; lastKnownFileType = wrapper.xcdatamodel; path = Easy.xcdatamodel; sourceTree = "<group>"; };
		2891676F185AF30F00142F81 /* MasterViewController.h */ = {isa = PBXFileReference; lastKnownFileType = sourcecode.c.h; path = MasterViewController.h; sourceTree = "<group>"; };
		28916770185AF30F00142F81 /* MasterViewController.m */ = {isa = PBXFileReference; lastKnownFileType = sourcecode.c.objc; path = MasterViewController.m; sourceTree = "<group>"; };
		28916772185AF30F00142F81 /* DetailViewController.h */ = {isa = PBXFileReference; lastKnownFileType = sourcecode.c.h; path = DetailViewController.h; sourceTree = "<group>"; };
		28916773185AF30F00142F81 /* DetailViewController.m */ = {isa = PBXFileReference; lastKnownFileType = sourcecode.c.objc; path = DetailViewController.m; sourceTree = "<group>"; };
		28916775185AF30F00142F81 /* Images.xcassets */ = {isa = PBXFileReference; lastKnownFileType = folder.assetcatalog; path = Images.xcassets; sourceTree = "<group>"; };
		2891677B185AF30F00142F81 /* EasyTests.xctest */ = {isa = PBXFileReference; explicitFileType = wrapper.cfbundle; includeInIndex = 0; path = EasyTests.xctest; sourceTree = BUILT_PRODUCTS_DIR; };
		2891677C185AF30F00142F81 /* XCTest.framework */ = {isa = PBXFileReference; lastKnownFileType = wrapper.framework; name = XCTest.framework; path = Library/Frameworks/XCTest.framework; sourceTree = DEVELOPER_DIR; };
		28916785185AF30F00142F81 /* EasyTests-Info.plist */ = {isa = PBXFileReference; lastKnownFileType = text.plist.xml; path = "EasyTests-Info.plist"; sourceTree = "<group>"; };
		28916787185AF30F00142F81 /* en */ = {isa = PBXFileReference; lastKnownFileType = text.plist.strings; name = en; path = en.lproj/InfoPlist.strings; sourceTree = "<group>"; };
		28916789185AF30F00142F81 /* EasyTests.m */ = {isa = PBXFileReference; lastKnownFileType = sourcecode.c.objc; path = EasyTests.m; sourceTree = "<group>"; };
		2892CAA4185AFFCD00848A99 /* en */ = {isa = PBXFileReference; lastKnownFileType = file.storyboard; name = en; path = en.lproj/Main.storyboard; sourceTree = "<group>"; };
		28C88BD0197FAB5200383BDC /* MasterTableViewCell.h */ = {isa = PBXFileReference; fileEncoding = 4; lastKnownFileType = sourcecode.c.h; path = MasterTableViewCell.h; sourceTree = "<group>"; };
		28C88BD1197FAB5200383BDC /* MasterTableViewCell.m */ = {isa = PBXFileReference; fileEncoding = 4; lastKnownFileType = sourcecode.c.objc; path = MasterTableViewCell.m; sourceTree = "<group>"; };
		28CFA1ED197F9F5100959EAD /* User.h */ = {isa = PBXFileReference; fileEncoding = 4; lastKnownFileType = sourcecode.c.h; path = User.h; sourceTree = "<group>"; };
		28CFA1EE197F9F5100959EAD /* User.m */ = {isa = PBXFileReference; fileEncoding = 4; lastKnownFileType = sourcecode.c.objc; path = User.m; sourceTree = "<group>"; };
		28CFA1F0197F9F5200959EAD /* Post.h */ = {isa = PBXFileReference; fileEncoding = 4; lastKnownFileType = sourcecode.c.h; path = Post.h; sourceTree = "<group>"; };
		28CFA1F1197F9F5200959EAD /* Post.m */ = {isa = PBXFileReference; fileEncoding = 4; lastKnownFileType = sourcecode.c.objc; path = Post.m; sourceTree = "<group>"; };
		28FD708F1B0B378300038809 /* CoreDataStore.h */ = {isa = PBXFileReference; fileEncoding = 4; lastKnownFileType = sourcecode.c.h; path = CoreDataStore.h; sourceTree = "<group>"; };
		28FD70901B0B378300038809 /* CoreDataStore.m */ = {isa = PBXFileReference; fileEncoding = 4; lastKnownFileType = sourcecode.c.objc; path = CoreDataStore.m; sourceTree = "<group>"; };
		28FD70911B0B378300038809 /* NSFetchedResultsController+Easy.h */ = {isa = PBXFileReference; fileEncoding = 4; lastKnownFileType = sourcecode.c.h; path = "NSFetchedResultsController+Easy.h"; sourceTree = "<group>"; };
		28FD70921B0B378300038809 /* NSFetchedResultsController+Easy.m */ = {isa = PBXFileReference; fileEncoding = 4; lastKnownFileType = sourcecode.c.objc; path = "NSFetchedResultsController+Easy.m"; sourceTree = "<group>"; };
		28FD70931B0B378300038809 /* NSFetchRequest+Easy.h */ = {isa = PBXFileReference; fileEncoding = 4; lastKnownFileType = sourcecode.c.h; path = "NSFetchRequest+Easy.h"; sourceTree = "<group>"; };
		28FD70941B0B378300038809 /* NSFetchRequest+Easy.m */ = {isa = PBXFileReference; fileEncoding = 4; lastKnownFileType = sourcecode.c.objc; path = "NSFetchRequest+Easy.m"; sourceTree = "<group>"; };
		28FD70951B0B378300038809 /* NSManagedObject+Easy.h */ = {isa = PBXFileReference; fileEncoding = 4; lastKnownFileType = sourcecode.c.h; path = "NSManagedObject+Easy.h"; sourceTree = "<group>"; };
		28FD70961B0B378300038809 /* NSManagedObject+Easy.m */ = {isa = PBXFileReference; fileEncoding = 4; lastKnownFileType = sourcecode.c.objc; path = "NSManagedObject+Easy.m"; sourceTree = "<group>"; };
		28FD70971B0B378300038809 /* NSManagedObjectContext+Easy.h */ = {isa = PBXFileReference; fileEncoding = 4; lastKnownFileType = sourcecode.c.h; path = "NSManagedObjectContext+Easy.h"; sourceTree = "<group>"; };
		28FD70981B0B378300038809 /* NSManagedObjectContext+Easy.m */ = {isa = PBXFileReference; fileEncoding = 4; lastKnownFileType = sourcecode.c.objc; path = "NSManagedObjectContext+Easy.m"; sourceTree = "<group>"; };
		28FD70991B0B378300038809 /* Easy.h */ = {isa = PBXFileReference; fileEncoding = 4; lastKnownFileType = sourcecode.c.h; path = Easy.h; sourceTree = "<group>"; };
		28FD709B1B0B378300038809 /* ApplicationInfo.h */ = {isa = PBXFileReference; fileEncoding = 4; lastKnownFileType = sourcecode.c.h; path = ApplicationInfo.h; sourceTree = "<group>"; };
		28FD709C1B0B378300038809 /* ApplicationInfo.m */ = {isa = PBXFileReference; fileEncoding = 4; lastKnownFileType = sourcecode.c.objc; path = ApplicationInfo.m; sourceTree = "<group>"; };
		28FD709D1B0B378300038809 /* CLGeocoder+Easy.h */ = {isa = PBXFileReference; fileEncoding = 4; lastKnownFileType = sourcecode.c.h; path = "CLGeocoder+Easy.h"; sourceTree = "<group>"; };
		28FD709E1B0B378300038809 /* CLGeocoder+Easy.m */ = {isa = PBXFileReference; fileEncoding = 4; lastKnownFileType = sourcecode.c.objc; path = "CLGeocoder+Easy.m"; sourceTree = "<group>"; };
		28FD709F1B0B378300038809 /* LocationManager.h */ = {isa = PBXFileReference; fileEncoding = 4; lastKnownFileType = sourcecode.c.h; path = LocationManager.h; sourceTree = "<group>"; };
		28FD70A01B0B378300038809 /* LocationManager.m */ = {isa = PBXFileReference; fileEncoding = 4; lastKnownFileType = sourcecode.c.objc; path = LocationManager.m; sourceTree = "<group>"; };
		28FD70A11B0B378300038809 /* Macro.h */ = {isa = PBXFileReference; fileEncoding = 4; lastKnownFileType = sourcecode.c.h; path = Macro.h; sourceTree = "<group>"; };
		28FD70A21B0B378300038809 /* NSArray+Easy.h */ = {isa = PBXFileReference; fileEncoding = 4; lastKnownFileType = sourcecode.c.h; path = "NSArray+Easy.h"; sourceTree = "<group>"; };
		28FD70A31B0B378300038809 /* NSArray+Easy.m */ = {isa = PBXFileReference; fileEncoding = 4; lastKnownFileType = sourcecode.c.objc; path = "NSArray+Easy.m"; sourceTree = "<group>"; };
		28FD70A41B0B378300038809 /* NSCalendar+Easy.h */ = {isa = PBXFileReference; fileEncoding = 4; lastKnownFileType = sourcecode.c.h; path = "NSCalendar+Easy.h"; sourceTree = "<group>"; };
		28FD70A51B0B378300038809 /* NSCalendar+Easy.m */ = {isa = PBXFileReference; fileEncoding = 4; lastKnownFileType = sourcecode.c.objc; path = "NSCalendar+Easy.m"; sourceTree = "<group>"; };
		28FD70A61B0B378300038809 /* NSData+Easy.h */ = {isa = PBXFileReference; fileEncoding = 4; lastKnownFileType = sourcecode.c.h; path = "NSData+Easy.h"; sourceTree = "<group>"; };
		28FD70A71B0B378300038809 /* NSData+Easy.m */ = {isa = PBXFileReference; fileEncoding = 4; lastKnownFileType = sourcecode.c.objc; path = "NSData+Easy.m"; sourceTree = "<group>"; };
		28FD70A81B0B378300038809 /* NSDate+Easy.h */ = {isa = PBXFileReference; fileEncoding = 4; lastKnownFileType = sourcecode.c.h; path = "NSDate+Easy.h"; sourceTree = "<group>"; };
		28FD70A91B0B378300038809 /* NSDate+Easy.m */ = {isa = PBXFileReference; fileEncoding = 4; lastKnownFileType = sourcecode.c.objc; path = "NSDate+Easy.m"; sourceTree = "<group>"; };
		28FD70AA1B0B378300038809 /* NSDateFormatter+Easy.h */ = {isa = PBXFileReference; fileEncoding = 4; lastKnownFileType = sourcecode.c.h; path = "NSDateFormatter+Easy.h"; sourceTree = "<group>"; };
		28FD70AB1B0B378300038809 /* NSDateFormatter+Easy.m */ = {isa = PBXFileReference; fileEncoding = 4; lastKnownFileType = sourcecode.c.objc; path = "NSDateFormatter+Easy.m"; sourceTree = "<group>"; };
		28FD70AC1B0B378300038809 /* NSDictionary+Easy.h */ = {isa = PBXFileReference; fileEncoding = 4; lastKnownFileType = sourcecode.c.h; path = "NSDictionary+Easy.h"; sourceTree = "<group>"; };
		28FD70AD1B0B378300038809 /* NSDictionary+Easy.m */ = {isa = PBXFileReference; fileEncoding = 4; lastKnownFileType = sourcecode.c.objc; path = "NSDictionary+Easy.m"; sourceTree = "<group>"; };
		28FD70AE1B0B378300038809 /* NSLocale+Easy.h */ = {isa = PBXFileReference; fileEncoding = 4; lastKnownFileType = sourcecode.c.h; path = "NSLocale+Easy.h"; sourceTree = "<group>"; };
		28FD70AF1B0B378300038809 /* NSLocale+Easy.m */ = {isa = PBXFileReference; fileEncoding = 4; lastKnownFileType = sourcecode.c.objc; path = "NSLocale+Easy.m"; sourceTree = "<group>"; };
		28FD70B01B0B378300038809 /* NSMutableArray+Easy.h */ = {isa = PBXFileReference; fileEncoding = 4; lastKnownFileType = sourcecode.c.h; path = "NSMutableArray+Easy.h"; sourceTree = "<group>"; };
		28FD70B11B0B378300038809 /* NSMutableArray+Easy.m */ = {isa = PBXFileReference; fileEncoding = 4; lastKnownFileType = sourcecode.c.objc; path = "NSMutableArray+Easy.m"; sourceTree = "<group>"; };
		28FD70B21B0B378300038809 /* NSMutableDictionary+Easy.h */ = {isa = PBXFileReference; fileEncoding = 4; lastKnownFileType = sourcecode.c.h; path = "NSMutableDictionary+Easy.h"; sourceTree = "<group>"; };
		28FD70B31B0B378300038809 /* NSMutableDictionary+Easy.m */ = {isa = PBXFileReference; fileEncoding = 4; lastKnownFileType = sourcecode.c.objc; path = "NSMutableDictionary+Easy.m"; sourceTree = "<group>"; };
		28FD70B41B0B378300038809 /* NSMutableString+Easy.h */ = {isa = PBXFileReference; fileEncoding = 4; lastKnownFileType = sourcecode.c.h; path = "NSMutableString+Easy.h"; sourceTree = "<group>"; };
		28FD70B51B0B378300038809 /* NSMutableString+Easy.m */ = {isa = PBXFileReference; fileEncoding = 4; lastKnownFileType = sourcecode.c.objc; path = "NSMutableString+Easy.m"; sourceTree = "<group>"; };
		28FD70B61B0B378300038809 /* NSObject+Easy.h */ = {isa = PBXFileReference; fileEncoding = 4; lastKnownFileType = sourcecode.c.h; path = "NSObject+Easy.h"; sourceTree = "<group>"; };
		28FD70B71B0B378300038809 /* NSObject+Easy.m */ = {isa = PBXFileReference; fileEncoding = 4; lastKnownFileType = sourcecode.c.objc; path = "NSObject+Easy.m"; sourceTree = "<group>"; };
		28FD70B81B0B378300038809 /* NSOperation+Easy.h */ = {isa = PBXFileReference; fileEncoding = 4; lastKnownFileType = sourcecode.c.h; path = "NSOperation+Easy.h"; sourceTree = "<group>"; };
		28FD70B91B0B378300038809 /* NSOperation+Easy.m */ = {isa = PBXFileReference; fileEncoding = 4; lastKnownFileType = sourcecode.c.objc; path = "NSOperation+Easy.m"; sourceTree = "<group>"; };
		28FD70BA1B0B378300038809 /* NSSet+Easy.h */ = {isa = PBXFileReference; fileEncoding = 4; lastKnownFileType = sourcecode.c.h; path = "NSSet+Easy.h"; sourceTree = "<group>"; };
		28FD70BB1B0B378300038809 /* NSSet+Easy.m */ = {isa = PBXFileReference; fileEncoding = 4; lastKnownFileType = sourcecode.c.objc; path = "NSSet+Easy.m"; sourceTree = "<group>"; };
		28FD70BC1B0B378300038809 /* NSString+Easy.h */ = {isa = PBXFileReference; fileEncoding = 4; lastKnownFileType = sourcecode.c.h; path = "NSString+Easy.h"; sourceTree = "<group>"; };
		28FD70BD1B0B378300038809 /* NSString+Easy.m */ = {isa = PBXFileReference; fileEncoding = 4; lastKnownFileType = sourcecode.c.objc; path = "NSString+Easy.m"; sourceTree = "<group>"; };
		28FD70BE1B0B378300038809 /* NSTimeZone+Easy.h */ = {isa = PBXFileReference; fileEncoding = 4; lastKnownFileType = sourcecode.c.h; path = "NSTimeZone+Easy.h"; sourceTree = "<group>"; };
		28FD70BF1B0B378300038809 /* NSTimeZone+Easy.m */ = {isa = PBXFileReference; fileEncoding = 4; lastKnownFileType = sourcecode.c.objc; path = "NSTimeZone+Easy.m"; sourceTree = "<group>"; };
		28FD70C01B0B378300038809 /* UIApplication+Easy.h */ = {isa = PBXFileReference; fileEncoding = 4; lastKnownFileType = sourcecode.c.h; path = "UIApplication+Easy.h"; sourceTree = "<group>"; };
		28FD70C11B0B378300038809 /* UIApplication+Easy.m */ = {isa = PBXFileReference; fileEncoding = 4; lastKnownFileType = sourcecode.c.objc; path = "UIApplication+Easy.m"; sourceTree = "<group>"; };
		28FD70C21B0B378300038809 /* XMLParser.h */ = {isa = PBXFileReference; fileEncoding = 4; lastKnownFileType = sourcecode.c.h; path = XMLParser.h; sourceTree = "<group>"; };
		28FD70C31B0B378300038809 /* XMLParser.m */ = {isa = PBXFileReference; fileEncoding = 4; lastKnownFileType = sourcecode.c.objc; path = XMLParser.m; sourceTree = "<group>"; };
		28FD70C51B0B378300038809 /* Mapping.h */ = {isa = PBXFileReference; fileEncoding = 4; lastKnownFileType = sourcecode.c.h; path = Mapping.h; sourceTree = "<group>"; };
		28FD70C61B0B378300038809 /* NSManagedObject+Mapping.h */ = {isa = PBXFileReference; fileEncoding = 4; lastKnownFileType = sourcecode.c.h; path = "NSManagedObject+Mapping.h"; sourceTree = "<group>"; };
		28FD70C71B0B378300038809 /* NSManagedObject+Mapping.m */ = {isa = PBXFileReference; fileEncoding = 4; lastKnownFileType = sourcecode.c.objc; path = "NSManagedObject+Mapping.m"; sourceTree = "<group>"; };
		28FD70C81B0B378300038809 /* NSObject+Mapping.h */ = {isa = PBXFileReference; fileEncoding = 4; lastKnownFileType = sourcecode.c.h; path = "NSObject+Mapping.h"; sourceTree = "<group>"; };
		28FD70C91B0B378300038809 /* NSObject+Mapping.m */ = {isa = PBXFileReference; fileEncoding = 4; lastKnownFileType = sourcecode.c.objc; path = "NSObject+Mapping.m"; sourceTree = "<group>"; };
		28FD70CB1B0B378300038809 /* CIImage+Easy.h */ = {isa = PBXFileReference; fileEncoding = 4; lastKnownFileType = sourcecode.c.h; path = "CIImage+Easy.h"; sourceTree = "<group>"; };
		28FD70CC1B0B378300038809 /* CIImage+Easy.m */ = {isa = PBXFileReference; fileEncoding = 4; lastKnownFileType = sourcecode.c.objc; path = "CIImage+Easy.m"; sourceTree = "<group>"; };
		28FD70CD1B0B378300038809 /* EasyDraggableView.h */ = {isa = PBXFileReference; fileEncoding = 4; lastKnownFileType = sourcecode.c.h; path = EasyDraggableView.h; sourceTree = "<group>"; };
		28FD70CE1B0B378300038809 /* EasyDraggableView.m */ = {isa = PBXFileReference; fileEncoding = 4; lastKnownFileType = sourcecode.c.objc; path = EasyDraggableView.m; sourceTree = "<group>"; };
		28FD70CF1B0B378300038809 /* EasyLabel.h */ = {isa = PBXFileReference; fileEncoding = 4; lastKnownFileType = sourcecode.c.h; path = EasyLabel.h; sourceTree = "<group>"; };
		28FD70D01B0B378300038809 /* EasyLabel.m */ = {isa = PBXFileReference; fileEncoding = 4; lastKnownFileType = sourcecode.c.objc; path = EasyLabel.m; sourceTree = "<group>"; };
		28FD70D11B0B378300038809 /* UIAlertView+Easy.h */ = {isa = PBXFileReference; fileEncoding = 4; lastKnownFileType = sourcecode.c.h; path = "UIAlertView+Easy.h"; sourceTree = "<group>"; };
		28FD70D21B0B378300038809 /* UIAlertView+Easy.m */ = {isa = PBXFileReference; fileEncoding = 4; lastKnownFileType = sourcecode.c.objc; path = "UIAlertView+Easy.m"; sourceTree = "<group>"; };
		28FD70D31B0B378300038809 /* UIButton+Easy.h */ = {isa = PBXFileReference; fileEncoding = 4; lastKnownFileType = sourcecode.c.h; path = "UIButton+Easy.h"; sourceTree = "<group>"; };
		28FD70D41B0B378300038809 /* UIButton+Easy.m */ = {isa = PBXFileReference; fileEncoding = 4; lastKnownFileType = sourcecode.c.objc; path = "UIButton+Easy.m"; sourceTree = "<group>"; };
		28FD70D51B0B378300038809 /* UIColor+Easy.h */ = {isa = PBXFileReference; fileEncoding = 4; lastKnownFileType = sourcecode.c.h; path = "UIColor+Easy.h"; sourceTree = "<group>"; };
		28FD70D61B0B378300038809 /* UIColor+Easy.m */ = {isa = PBXFileReference; fileEncoding = 4; lastKnownFileType = sourcecode.c.objc; path = "UIColor+Easy.m"; sourceTree = "<group>"; };
		28FD70D71B0B378300038809 /* UIDevice+Easy.h */ = {isa = PBXFileReference; fileEncoding = 4; lastKnownFileType = sourcecode.c.h; path = "UIDevice+Easy.h"; sourceTree = "<group>"; };
		28FD70D81B0B378300038809 /* UIDevice+Easy.m */ = {isa = PBXFileReference; fileEncoding = 4; lastKnownFileType = sourcecode.c.objc; path = "UIDevice+Easy.m"; sourceTree = "<group>"; };
		28FD70D91B0B378300038809 /* UIImage+Easy.h */ = {isa = PBXFileReference; fileEncoding = 4; lastKnownFileType = sourcecode.c.h; path = "UIImage+Easy.h"; sourceTree = "<group>"; };
		28FD70DA1B0B378300038809 /* UIImage+Easy.m */ = {isa = PBXFileReference; fileEncoding = 4; lastKnownFileType = sourcecode.c.objc; path = "UIImage+Easy.m"; sourceTree = "<group>"; };
		28FD70DB1B0B378300038809 /* UILabel+Easy.h */ = {isa = PBXFileReference; fileEncoding = 4; lastKnownFileType = sourcecode.c.h; path = "UILabel+Easy.h"; sourceTree = "<group>"; };
		28FD70DC1B0B378300038809 /* UILabel+Easy.m */ = {isa = PBXFileReference; fileEncoding = 4; lastKnownFileType = sourcecode.c.objc; path = "UILabel+Easy.m"; sourceTree = "<group>"; };
		28FD70DD1B0B378300038809 /* UILocalNotification+Easy.h */ = {isa = PBXFileReference; fileEncoding = 4; lastKnownFileType = sourcecode.c.h; path = "UILocalNotification+Easy.h"; sourceTree = "<group>"; };
		28FD70DE1B0B378300038809 /* UILocalNotification+Easy.m */ = {isa = PBXFileReference; fileEncoding = 4; lastKnownFileType = sourcecode.c.objc; path = "UILocalNotification+Easy.m"; sourceTree = "<group>"; };
		28FD70DF1B0B378300038809 /* UINavigationController+Easy.h */ = {isa = PBXFileReference; fileEncoding = 4; lastKnownFileType = sourcecode.c.h; path = "UINavigationController+Easy.h"; sourceTree = "<group>"; };
		28FD70E01B0B378300038809 /* UINavigationController+Easy.m */ = {isa = PBXFileReference; fileEncoding = 4; lastKnownFileType = sourcecode.c.objc; path = "UINavigationController+Easy.m"; sourceTree = "<group>"; };
		28FD70E11B0B378300038809 /* UISearchBar+Easy.h */ = {isa = PBXFileReference; fileEncoding = 4; lastKnownFileType = sourcecode.c.h; path = "UISearchBar+Easy.h"; sourceTree = "<group>"; };
		28FD70E21B0B378300038809 /* UISearchBar+Easy.m */ = {isa = PBXFileReference; fileEncoding = 4; lastKnownFileType = sourcecode.c.objc; path = "UISearchBar+Easy.m"; sourceTree = "<group>"; };
		28FD70E31B0B378300038809 /* UITableView+Easy.h */ = {isa = PBXFileReference; fileEncoding = 4; lastKnownFileType = sourcecode.c.h; path = "UITableView+Easy.h"; sourceTree = "<group>"; };
		28FD70E41B0B378300038809 /* UITableView+Easy.m */ = {isa = PBXFileReference; fileEncoding = 4; lastKnownFileType = sourcecode.c.objc; path = "UITableView+Easy.m"; sourceTree = "<group>"; };
		28FD70E51B0B378300038809 /* UITableViewCell+Easy.h */ = {isa = PBXFileReference; fileEncoding = 4; lastKnownFileType = sourcecode.c.h; path = "UITableViewCell+Easy.h"; sourceTree = "<group>"; };
		28FD70E61B0B378300038809 /* UITableViewCell+Easy.m */ = {isa = PBXFileReference; fileEncoding = 4; lastKnownFileType = sourcecode.c.objc; path = "UITableViewCell+Easy.m"; sourceTree = "<group>"; };
		28FD70E71B0B378300038809 /* UITextField+Easy.h */ = {isa = PBXFileReference; fileEncoding = 4; lastKnownFileType = sourcecode.c.h; path = "UITextField+Easy.h"; sourceTree = "<group>"; };
		28FD70E81B0B378300038809 /* UITextField+Easy.m */ = {isa = PBXFileReference; fileEncoding = 4; lastKnownFileType = sourcecode.c.objc; path = "UITextField+Easy.m"; sourceTree = "<group>"; };
		28FD70E91B0B378300038809 /* UIToolbar+Easy.h */ = {isa = PBXFileReference; fileEncoding = 4; lastKnownFileType = sourcecode.c.h; path = "UIToolbar+Easy.h"; sourceTree = "<group>"; };
		28FD70EA1B0B378300038809 /* UIToolbar+Easy.m */ = {isa = PBXFileReference; fileEncoding = 4; lastKnownFileType = sourcecode.c.objc; path = "UIToolbar+Easy.m"; sourceTree = "<group>"; };
		28FD70EB1B0B378300038809 /* UIView+Easy.h */ = {isa = PBXFileReference; fileEncoding = 4; lastKnownFileType = sourcecode.c.h; path = "UIView+Easy.h"; sourceTree = "<group>"; };
		28FD70EC1B0B378300038809 /* UIView+Easy.m */ = {isa = PBXFileReference; fileEncoding = 4; lastKnownFileType = sourcecode.c.objc; path = "UIView+Easy.m"; sourceTree = "<group>"; };
		28FD70ED1B0B378300038809 /* UIViewController+Easy.h */ = {isa = PBXFileReference; fileEncoding = 4; lastKnownFileType = sourcecode.c.h; path = "UIViewController+Easy.h"; sourceTree = "<group>"; };
		28FD70EE1B0B378300038809 /* UIViewController+Easy.m */ = {isa = PBXFileReference; fileEncoding = 4; lastKnownFileType = sourcecode.c.objc; path = "UIViewController+Easy.m"; sourceTree = "<group>"; };
		28FD70EF1B0B378300038809 /* UIWebView+Easy.h */ = {isa = PBXFileReference; fileEncoding = 4; lastKnownFileType = sourcecode.c.h; path = "UIWebView+Easy.h"; sourceTree = "<group>"; };
		28FD70F01B0B378300038809 /* UIWebView+Easy.m */ = {isa = PBXFileReference; fileEncoding = 4; lastKnownFileType = sourcecode.c.objc; path = "UIWebView+Easy.m"; sourceTree = "<group>"; };
		28FD714D1B0B37B100038809 /* LanguageManager.h */ = {isa = PBXFileReference; fileEncoding = 4; lastKnownFileType = sourcecode.c.h; path = LanguageManager.h; sourceTree = "<group>"; };
		28FD714E1B0B37B100038809 /* LanguageManager.m */ = {isa = PBXFileReference; fileEncoding = 4; lastKnownFileType = sourcecode.c.objc; path = LanguageManager.m; sourceTree = "<group>"; };
		28FD71891B0B40FD00038809 /* EntityMappingManager.h */ = {isa = PBXFileReference; fileEncoding = 4; lastKnownFileType = sourcecode.c.h; path = EntityMappingManager.h; sourceTree = "<group>"; };
		28FD718A1B0B40FD00038809 /* EntityMappingManager.m */ = {isa = PBXFileReference; fileEncoding = 4; lastKnownFileType = sourcecode.c.objc; path = EntityMappingManager.m; sourceTree = "<group>"; };
/* End PBXFileReference section */

/* Begin PBXFrameworksBuildPhase section */
		2891674C185AF30F00142F81 /* Frameworks */ = {
			isa = PBXFrameworksBuildPhase;
			buildActionMask = 2147483647;
			files = (
				28916755185AF30F00142F81 /* CoreGraphics.framework in Frameworks */,
				28916759185AF30F00142F81 /* CoreData.framework in Frameworks */,
				28916757185AF30F00142F81 /* UIKit.framework in Frameworks */,
				28916753185AF30F00142F81 /* Foundation.framework in Frameworks */,
			);
			runOnlyForDeploymentPostprocessing = 0;
		};
		28916778185AF30F00142F81 /* Frameworks */ = {
			isa = PBXFrameworksBuildPhase;
			buildActionMask = 2147483647;
			files = (
				2891677D185AF30F00142F81 /* XCTest.framework in Frameworks */,
				28916780185AF30F00142F81 /* CoreData.framework in Frameworks */,
				2891677F185AF30F00142F81 /* UIKit.framework in Frameworks */,
				2891677E185AF30F00142F81 /* Foundation.framework in Frameworks */,
			);
			runOnlyForDeploymentPostprocessing = 0;
		};
/* End PBXFrameworksBuildPhase section */

/* Begin PBXGroup section */
		28916746185AF30F00142F81 = {
			isa = PBXGroup;
			children = (
				2891675A185AF30F00142F81 /* Easy */,
				28916783185AF30F00142F81 /* EasyTests */,
				28916751185AF30F00142F81 /* Frameworks */,
				28916750185AF30F00142F81 /* Products */,
			);
			sourceTree = "<group>";
		};
		28916750185AF30F00142F81 /* Products */ = {
			isa = PBXGroup;
			children = (
				2891674F185AF30F00142F81 /* Easy.app */,
				2891677B185AF30F00142F81 /* EasyTests.xctest */,
			);
			name = Products;
			sourceTree = "<group>";
		};
		28916751185AF30F00142F81 /* Frameworks */ = {
			isa = PBXGroup;
			children = (
				28916752185AF30F00142F81 /* Foundation.framework */,
				28916754185AF30F00142F81 /* CoreGraphics.framework */,
				28916756185AF30F00142F81 /* UIKit.framework */,
				28916758185AF30F00142F81 /* CoreData.framework */,
				2891677C185AF30F00142F81 /* XCTest.framework */,
			);
			name = Frameworks;
			sourceTree = "<group>";
		};
		2891675A185AF30F00142F81 /* Easy */ = {
			isa = PBXGroup;
			children = (
				28E344A319D0653600427602 /* Vendor */,
				28916763185AF30F00142F81 /* AppDelegate.h */,
				28916764185AF30F00142F81 /* AppDelegate.m */,
				28916766185AF30F00142F81 /* Main.storyboard */,
				2891676F185AF30F00142F81 /* MasterViewController.h */,
				28916770185AF30F00142F81 /* MasterViewController.m */,
				28916772185AF30F00142F81 /* DetailViewController.h */,
				28916773185AF30F00142F81 /* DetailViewController.m */,
				28C88BD0197FAB5200383BDC /* MasterTableViewCell.h */,
				28C88BD1197FAB5200383BDC /* MasterTableViewCell.m */,
				28916775185AF30F00142F81 /* Images.xcassets */,
				2891676C185AF30F00142F81 /* Easy.xcdatamodeld */,
				28CFA1F0197F9F5200959EAD /* Post.h */,
				28CFA1F1197F9F5200959EAD /* Post.m */,
				28CFA1ED197F9F5100959EAD /* User.h */,
				28CFA1EE197F9F5100959EAD /* User.m */,
				28FD71891B0B40FD00038809 /* EntityMappingManager.h */,
				28FD718A1B0B40FD00038809 /* EntityMappingManager.m */,
				2891675B185AF30F00142F81 /* Supporting Files */,
			);
			path = Easy;
			sourceTree = "<group>";
		};
		2891675B185AF30F00142F81 /* Supporting Files */ = {
			isa = PBXGroup;
			children = (
				2891675C185AF30F00142F81 /* Easy-Info.plist */,
				2891675D185AF30F00142F81 /* InfoPlist.strings */,
				28916760185AF30F00142F81 /* main.m */,
				28916762185AF30F00142F81 /* Easy-Prefix.pch */,
			);
			name = "Supporting Files";
			sourceTree = "<group>";
		};
		28916783185AF30F00142F81 /* EasyTests */ = {
			isa = PBXGroup;
			children = (
				28916789185AF30F00142F81 /* EasyTests.m */,
				28916784185AF30F00142F81 /* Supporting Files */,
			);
			path = EasyTests;
			sourceTree = "<group>";
		};
		28916784185AF30F00142F81 /* Supporting Files */ = {
			isa = PBXGroup;
			children = (
				28916785185AF30F00142F81 /* EasyTests-Info.plist */,
				28916786185AF30F00142F81 /* InfoPlist.strings */,
			);
			name = "Supporting Files";
			sourceTree = "<group>";
		};
		28E344A319D0653600427602 /* Vendor */ = {
			isa = PBXGroup;
			children = (
				28FD708D1B0B378300038809 /* Easy */,
			);
			name = Vendor;
			path = ../../Vendor;
			sourceTree = "<group>";
		};
		28FD708D1B0B378300038809 /* Easy */ = {
			isa = PBXGroup;
			children = (
				28FD70991B0B378300038809 /* Easy.h */,
				28FD708E1B0B378300038809 /* CoreData */,
				28FD709A1B0B378300038809 /* Foundation */,
				28FD70C41B0B378300038809 /* Mapping */,
				28FD70CA1B0B378300038809 /* UIKit */,
			);
			path = Easy;
			sourceTree = "<group>";
		};
		28FD708E1B0B378300038809 /* CoreData */ = {
			isa = PBXGroup;
			children = (
				28FD708F1B0B378300038809 /* CoreDataStore.h */,
				28FD70901B0B378300038809 /* CoreDataStore.m */,
				28FD70911B0B378300038809 /* NSFetchedResultsController+Easy.h */,
				28FD70921B0B378300038809 /* NSFetchedResultsController+Easy.m */,
				28FD70931B0B378300038809 /* NSFetchRequest+Easy.h */,
				28FD70941B0B378300038809 /* NSFetchRequest+Easy.m */,
				28FD70951B0B378300038809 /* NSManagedObject+Easy.h */,
				28FD70961B0B378300038809 /* NSManagedObject+Easy.m */,
				28FD70971B0B378300038809 /* NSManagedObjectContext+Easy.h */,
				28FD70981B0B378300038809 /* NSManagedObjectContext+Easy.m */,
			);
			path = CoreData;
			sourceTree = "<group>";
		};
		28FD709A1B0B378300038809 /* Foundation */ = {
			isa = PBXGroup;
			children = (
				28FD709B1B0B378300038809 /* ApplicationInfo.h */,
				28FD709C1B0B378300038809 /* ApplicationInfo.m */,
				28FD709D1B0B378300038809 /* CLGeocoder+Easy.h */,
				28FD709E1B0B378300038809 /* CLGeocoder+Easy.m */,
				28FD709F1B0B378300038809 /* LocationManager.h */,
				28FD70A01B0B378300038809 /* LocationManager.m */,
				28FD70A11B0B378300038809 /* Macro.h */,
				28FD70A21B0B378300038809 /* NSArray+Easy.h */,
				28FD70A31B0B378300038809 /* NSArray+Easy.m */,
				28FD70A41B0B378300038809 /* NSCalendar+Easy.h */,
				28FD70A51B0B378300038809 /* NSCalendar+Easy.m */,
				28FD70A61B0B378300038809 /* NSData+Easy.h */,
				28FD70A71B0B378300038809 /* NSData+Easy.m */,
				28FD70A81B0B378300038809 /* NSDate+Easy.h */,
				28FD70A91B0B378300038809 /* NSDate+Easy.m */,
				28FD70AA1B0B378300038809 /* NSDateFormatter+Easy.h */,
				28FD70AB1B0B378300038809 /* NSDateFormatter+Easy.m */,
				28FD70AC1B0B378300038809 /* NSDictionary+Easy.h */,
				28FD70AD1B0B378300038809 /* NSDictionary+Easy.m */,
				28FD70AE1B0B378300038809 /* NSLocale+Easy.h */,
				28FD70AF1B0B378300038809 /* NSLocale+Easy.m */,
				28FD70B01B0B378300038809 /* NSMutableArray+Easy.h */,
				28FD70B11B0B378300038809 /* NSMutableArray+Easy.m */,
				28FD70B21B0B378300038809 /* NSMutableDictionary+Easy.h */,
				28FD70B31B0B378300038809 /* NSMutableDictionary+Easy.m */,
				28FD70B41B0B378300038809 /* NSMutableString+Easy.h */,
				28FD70B51B0B378300038809 /* NSMutableString+Easy.m */,
				28FD70B61B0B378300038809 /* NSObject+Easy.h */,
				28FD70B71B0B378300038809 /* NSObject+Easy.m */,
				28FD70B81B0B378300038809 /* NSOperation+Easy.h */,
				28FD70B91B0B378300038809 /* NSOperation+Easy.m */,
				28FD70BA1B0B378300038809 /* NSSet+Easy.h */,
				28FD70BB1B0B378300038809 /* NSSet+Easy.m */,
				28FD70BC1B0B378300038809 /* NSString+Easy.h */,
				28FD70BD1B0B378300038809 /* NSString+Easy.m */,
				28FD70BE1B0B378300038809 /* NSTimeZone+Easy.h */,
				28FD70BF1B0B378300038809 /* NSTimeZone+Easy.m */,
				28FD70C01B0B378300038809 /* UIApplication+Easy.h */,
				28FD70C11B0B378300038809 /* UIApplication+Easy.m */,
				28FD714D1B0B37B100038809 /* LanguageManager.h */,
				28FD714E1B0B37B100038809 /* LanguageManager.m */,
				28FD70C21B0B378300038809 /* XMLParser.h */,
				28FD70C31B0B378300038809 /* XMLParser.m */,
			);
			path = Foundation;
			sourceTree = "<group>";
		};
		28FD70C41B0B378300038809 /* Mapping */ = {
			isa = PBXGroup;
			children = (
				28FD70C51B0B378300038809 /* Mapping.h */,
				28FD70C61B0B378300038809 /* NSManagedObject+Mapping.h */,
				28FD70C71B0B378300038809 /* NSManagedObject+Mapping.m */,
				28FD70C81B0B378300038809 /* NSObject+Mapping.h */,
				28FD70C91B0B378300038809 /* NSObject+Mapping.m */,
			);
			path = Mapping;
			sourceTree = "<group>";
		};
		28FD70CA1B0B378300038809 /* UIKit */ = {
			isa = PBXGroup;
			children = (
				28FD70CB1B0B378300038809 /* CIImage+Easy.h */,
				28FD70CC1B0B378300038809 /* CIImage+Easy.m */,
				28FD70CD1B0B378300038809 /* EasyDraggableView.h */,
				28FD70CE1B0B378300038809 /* EasyDraggableView.m */,
				28FD70CF1B0B378300038809 /* EasyLabel.h */,
				28FD70D01B0B378300038809 /* EasyLabel.m */,
				28FD70D11B0B378300038809 /* UIAlertView+Easy.h */,
				28FD70D21B0B378300038809 /* UIAlertView+Easy.m */,
				28FD70D31B0B378300038809 /* UIButton+Easy.h */,
				28FD70D41B0B378300038809 /* UIButton+Easy.m */,
				28FD70D51B0B378300038809 /* UIColor+Easy.h */,
				28FD70D61B0B378300038809 /* UIColor+Easy.m */,
				28FD70D71B0B378300038809 /* UIDevice+Easy.h */,
				28FD70D81B0B378300038809 /* UIDevice+Easy.m */,
				28FD70D91B0B378300038809 /* UIImage+Easy.h */,
				28FD70DA1B0B378300038809 /* UIImage+Easy.m */,
				28FD70DB1B0B378300038809 /* UILabel+Easy.h */,
				28FD70DC1B0B378300038809 /* UILabel+Easy.m */,
				28FD70DD1B0B378300038809 /* UILocalNotification+Easy.h */,
				28FD70DE1B0B378300038809 /* UILocalNotification+Easy.m */,
				28FD70DF1B0B378300038809 /* UINavigationController+Easy.h */,
				28FD70E01B0B378300038809 /* UINavigationController+Easy.m */,
				28FD70E11B0B378300038809 /* UISearchBar+Easy.h */,
				28FD70E21B0B378300038809 /* UISearchBar+Easy.m */,
				28FD70E31B0B378300038809 /* UITableView+Easy.h */,
				28FD70E41B0B378300038809 /* UITableView+Easy.m */,
				28FD70E51B0B378300038809 /* UITableViewCell+Easy.h */,
				28FD70E61B0B378300038809 /* UITableViewCell+Easy.m */,
				28FD70E71B0B378300038809 /* UITextField+Easy.h */,
				28FD70E81B0B378300038809 /* UITextField+Easy.m */,
				28FD70E91B0B378300038809 /* UIToolbar+Easy.h */,
				28FD70EA1B0B378300038809 /* UIToolbar+Easy.m */,
				28FD70EB1B0B378300038809 /* UIView+Easy.h */,
				28FD70EC1B0B378300038809 /* UIView+Easy.m */,
				28FD70ED1B0B378300038809 /* UIViewController+Easy.h */,
				28FD70EE1B0B378300038809 /* UIViewController+Easy.m */,
				28FD70EF1B0B378300038809 /* UIWebView+Easy.h */,
				28FD70F01B0B378300038809 /* UIWebView+Easy.m */,
			);
			path = UIKit;
			sourceTree = "<group>";
		};
/* End PBXGroup section */

/* Begin PBXNativeTarget section */
		2891674E185AF30F00142F81 /* Easy */ = {
			isa = PBXNativeTarget;
			buildConfigurationList = 2891678D185AF30F00142F81 /* Build configuration list for PBXNativeTarget "Easy" */;
			buildPhases = (
				2891674B185AF30F00142F81 /* Sources */,
				2891674C185AF30F00142F81 /* Frameworks */,
				2891674D185AF30F00142F81 /* Resources */,
			);
			buildRules = (
			);
			dependencies = (
			);
			name = Easy;
			productName = Easy;
			productReference = 2891674F185AF30F00142F81 /* Easy.app */;
			productType = "com.apple.product-type.application";
		};
		2891677A185AF30F00142F81 /* EasyTests */ = {
			isa = PBXNativeTarget;
			buildConfigurationList = 28916790185AF30F00142F81 /* Build configuration list for PBXNativeTarget "EasyTests" */;
			buildPhases = (
				28916777185AF30F00142F81 /* Sources */,
				28916778185AF30F00142F81 /* Frameworks */,
				28916779185AF30F00142F81 /* Resources */,
			);
			buildRules = (
			);
			dependencies = (
				28916782185AF30F00142F81 /* PBXTargetDependency */,
			);
			name = EasyTests;
			productName = EasyTests;
			productReference = 2891677B185AF30F00142F81 /* EasyTests.xctest */;
			productType = "com.apple.product-type.bundle.unit-test";
		};
/* End PBXNativeTarget section */

/* Begin PBXProject section */
		28916747185AF30F00142F81 /* Project object */ = {
			isa = PBXProject;
			attributes = {
				LastUpgradeCheck = 0510;
				ORGANIZATIONNAME = Personal;
				TargetAttributes = {
					2891677A185AF30F00142F81 = {
						TestTargetID = 2891674E185AF30F00142F81;
					};
				};
			};
			buildConfigurationList = 2891674A185AF30F00142F81 /* Build configuration list for PBXProject "Easy" */;
			compatibilityVersion = "Xcode 3.2";
			developmentRegion = English;
			hasScannedForEncodings = 0;
			knownRegions = (
				en,
				Base,
			);
			mainGroup = 28916746185AF30F00142F81;
			productRefGroup = 28916750185AF30F00142F81 /* Products */;
			projectDirPath = "";
			projectRoot = "";
			targets = (
				2891674E185AF30F00142F81 /* Easy */,
				2891677A185AF30F00142F81 /* EasyTests */,
			);
		};
/* End PBXProject section */

/* Begin PBXResourcesBuildPhase section */
		2891674D185AF30F00142F81 /* Resources */ = {
			isa = PBXResourcesBuildPhase;
			buildActionMask = 2147483647;
			files = (
				28916776185AF30F00142F81 /* Images.xcassets in Resources */,
				28916768185AF30F00142F81 /* Main.storyboard in Resources */,
				2891675F185AF30F00142F81 /* InfoPlist.strings in Resources */,
			);
			runOnlyForDeploymentPostprocessing = 0;
		};
		28916779185AF30F00142F81 /* Resources */ = {
			isa = PBXResourcesBuildPhase;
			buildActionMask = 2147483647;
			files = (
				28916788185AF30F00142F81 /* InfoPlist.strings in Resources */,
			);
			runOnlyForDeploymentPostprocessing = 0;
		};
/* End PBXResourcesBuildPhase section */

/* Begin PBXSourcesBuildPhase section */
		2891674B185AF30F00142F81 /* Sources */ = {
			isa = PBXSourcesBuildPhase;
			buildActionMask = 2147483647;
			files = (
				28FD71131B0B378300038809 /* NSMutableString+Easy.m in Sources */,
				28FD71271B0B378300038809 /* CIImage+Easy.m in Sources */,
				28FD71471B0B378300038809 /* UIView+Easy.m in Sources */,
				28FD711B1B0B378300038809 /* NSString+Easy.m in Sources */,
				28FD70FF1B0B378300038809 /* LocationManager.m in Sources */,
				28FD71311B0B378300038809 /* UIColor+Easy.m in Sources */,
				28C88BD2197FAB5200383BDC /* MasterTableViewCell.m in Sources */,
				28916774185AF30F00142F81 /* DetailViewController.m in Sources */,
				28FD70FD1B0B378300038809 /* CLGeocoder+Easy.m in Sources */,
				28FD70F91B0B378300038809 /* NSManagedObjectContext+Easy.m in Sources */,
				28FD71491B0B378300038809 /* UIViewController+Easy.m in Sources */,
				28CFA1F2197F9F5200959EAD /* Post.m in Sources */,
				28FD71011B0B378300038809 /* NSArray+Easy.m in Sources */,
				28FD713F1B0B378300038809 /* UITableView+Easy.m in Sources */,
				28FD71291B0B378300038809 /* EasyDraggableView.m in Sources */,
				28FD71171B0B378300038809 /* NSOperation+Easy.m in Sources */,
				28FD71391B0B378300038809 /* UILocalNotification+Easy.m in Sources */,
				28916771185AF30F00142F81 /* MasterViewController.m in Sources */,
				28CFA1EF197F9F5100959EAD /* User.m in Sources */,
				28FD70F31B0B378300038809 /* NSFetchedResultsController+Easy.m in Sources */,
				28FD714F1B0B37B100038809 /* LanguageManager.m in Sources */,
				2891676E185AF30F00142F81 /* Easy.xcdatamodeld in Sources */,
				28916765185AF30F00142F81 /* AppDelegate.m in Sources */,
				28FD71411B0B378300038809 /* UITableViewCell+Easy.m in Sources */,
				28FD71111B0B378300038809 /* NSMutableDictionary+Easy.m in Sources */,
				28FD71031B0B378300038809 /* NSCalendar+Easy.m in Sources */,
				28FD71371B0B378300038809 /* UILabel+Easy.m in Sources */,
				28FD710D1B0B378300038809 /* NSLocale+Easy.m in Sources */,
				28FD713B1B0B378300038809 /* UINavigationController+Easy.m in Sources */,
				28FD71151B0B378300038809 /* NSObject+Easy.m in Sources */,
				28FD71051B0B378300038809 /* NSData+Easy.m in Sources */,
				28FD71091B0B378300038809 /* NSDateFormatter+Easy.m in Sources */,
				28FD714B1B0B378300038809 /* UIWebView+Easy.m in Sources */,
				28FD71251B0B378300038809 /* NSObject+Mapping.m in Sources */,
				28FD71331B0B378300038809 /* UIDevice+Easy.m in Sources */,
				28FD71191B0B378300038809 /* NSSet+Easy.m in Sources */,
				28FD71211B0B378300038809 /* XMLParser.m in Sources */,
				28FD712D1B0B378300038809 /* UIAlertView+Easy.m in Sources */,
				28916761185AF30F00142F81 /* main.m in Sources */,
				28FD71431B0B378300038809 /* UITextField+Easy.m in Sources */,
				28FD71231B0B378300038809 /* NSManagedObject+Mapping.m in Sources */,
				28FD70FB1B0B378300038809 /* ApplicationInfo.m in Sources */,
				28FD71071B0B378300038809 /* NSDate+Easy.m in Sources */,
				28FD712B1B0B378300038809 /* EasyLabel.m in Sources */,
				28FD70F51B0B378300038809 /* NSFetchRequest+Easy.m in Sources */,
				28FD718B1B0B40FD00038809 /* EntityMappingManager.m in Sources */,
				28FD712F1B0B378300038809 /* UIButton+Easy.m in Sources */,
				28FD711D1B0B378300038809 /* NSTimeZone+Easy.m in Sources */,
				28FD70F11B0B378300038809 /* CoreDataStore.m in Sources */,
				28FD710B1B0B378300038809 /* NSDictionary+Easy.m in Sources */,
				28FD70F71B0B378300038809 /* NSManagedObject+Easy.m in Sources */,
				28FD711F1B0B378300038809 /* UIApplication+Easy.m in Sources */,
				28FD713D1B0B378300038809 /* UISearchBar+Easy.m in Sources */,
				28FD710F1B0B378300038809 /* NSMutableArray+Easy.m in Sources */,
				28FD71351B0B378300038809 /* UIImage+Easy.m in Sources */,
				28FD71451B0B378300038809 /* UIToolbar+Easy.m in Sources */,
			);
			runOnlyForDeploymentPostprocessing = 0;
		};
		28916777185AF30F00142F81 /* Sources */ = {
			isa = PBXSourcesBuildPhase;
			buildActionMask = 2147483647;
			files = (
				28FD71261B0B378300038809 /* NSObject+Mapping.m in Sources */,
				28FD70FE1B0B378300038809 /* CLGeocoder+Easy.m in Sources */,
				28FD71441B0B378300038809 /* UITextField+Easy.m in Sources */,
				28FD71141B0B378300038809 /* NSMutableString+Easy.m in Sources */,
				28FD711C1B0B378300038809 /* NSString+Easy.m in Sources */,
				28FD71121B0B378300038809 /* NSMutableDictionary+Easy.m in Sources */,
				28FD71221B0B378300038809 /* XMLParser.m in Sources */,
				28FD711A1B0B378300038809 /* NSSet+Easy.m in Sources */,
				28FD71301B0B378300038809 /* UIButton+Easy.m in Sources */,
				28FD71281B0B378300038809 /* CIImage+Easy.m in Sources */,
				28FD71081B0B378300038809 /* NSDate+Easy.m in Sources */,
				28FD71501B0B37B100038809 /* LanguageManager.m in Sources */,
				28FD710C1B0B378300038809 /* NSDictionary+Easy.m in Sources */,
				28FD713E1B0B378300038809 /* UISearchBar+Easy.m in Sources */,
				28FD71361B0B378300038809 /* UIImage+Easy.m in Sources */,
				28FD70F21B0B378300038809 /* CoreDataStore.m in Sources */,
				28FD71041B0B378300038809 /* NSCalendar+Easy.m in Sources */,
				28FD718C1B0B40FD00038809 /* EntityMappingManager.m in Sources */,
				28FD71321B0B378300038809 /* UIColor+Easy.m in Sources */,
				28FD71401B0B378300038809 /* UITableView+Easy.m in Sources */,
				28FD71381B0B378300038809 /* UILabel+Easy.m in Sources */,
				28FD70FA1B0B378300038809 /* NSManagedObjectContext+Easy.m in Sources */,
				28FD71061B0B378300038809 /* NSData+Easy.m in Sources */,
				28FD71201B0B378300038809 /* UIApplication+Easy.m in Sources */,
				28FD71101B0B378300038809 /* NSMutableArray+Easy.m in Sources */,
				28FD71001B0B378300038809 /* LocationManager.m in Sources */,
				28FD71481B0B378300038809 /* UIView+Easy.m in Sources */,
				28FD710E1B0B378300038809 /* NSLocale+Easy.m in Sources */,
				28FD713A1B0B378300038809 /* UILocalNotification+Easy.m in Sources */,
				28FD710A1B0B378300038809 /* NSDateFormatter+Easy.m in Sources */,
				28FD70F61B0B378300038809 /* NSFetchRequest+Easy.m in Sources */,
				28FD70FC1B0B378300038809 /* ApplicationInfo.m in Sources */,
				28FD714A1B0B378300038809 /* UIViewController+Easy.m in Sources */,
				28FD71181B0B378300038809 /* NSOperation+Easy.m in Sources */,
				28FD71021B0B378300038809 /* NSArray+Easy.m in Sources */,
				28FD71341B0B378300038809 /* UIDevice+Easy.m in Sources */,
				28FD712C1B0B378300038809 /* EasyLabel.m in Sources */,
				28FD70F81B0B378300038809 /* NSManagedObject+Easy.m in Sources */,
				2891678A185AF30F00142F81 /* EasyTests.m in Sources */,
				28FD711E1B0B378300038809 /* NSTimeZone+Easy.m in Sources */,
				28FD712E1B0B378300038809 /* UIAlertView+Easy.m in Sources */,
				28FD713C1B0B378300038809 /* UINavigationController+Easy.m in Sources */,
				28FD70F41B0B378300038809 /* NSFetchedResultsController+Easy.m in Sources */,
				28FD714C1B0B378300038809 /* UIWebView+Easy.m in Sources */,
				28FD71161B0B378300038809 /* NSObject+Easy.m in Sources */,
				28FD712A1B0B378300038809 /* EasyDraggableView.m in Sources */,
				28FD71461B0B378300038809 /* UIToolbar+Easy.m in Sources */,
				28FD71241B0B378300038809 /* NSManagedObject+Mapping.m in Sources */,
				28FD71421B0B378300038809 /* UITableViewCell+Easy.m in Sources */,
			);
			runOnlyForDeploymentPostprocessing = 0;
		};
/* End PBXSourcesBuildPhase section */

/* Begin PBXTargetDependency section */
		28916782185AF30F00142F81 /* PBXTargetDependency */ = {
			isa = PBXTargetDependency;
			target = 2891674E185AF30F00142F81 /* Easy */;
			targetProxy = 28916781185AF30F00142F81 /* PBXContainerItemProxy */;
		};
/* End PBXTargetDependency section */

/* Begin PBXVariantGroup section */
		2891675D185AF30F00142F81 /* InfoPlist.strings */ = {
			isa = PBXVariantGroup;
			children = (
				2891675E185AF30F00142F81 /* en */,
			);
			name = InfoPlist.strings;
			sourceTree = "<group>";
		};
		28916766185AF30F00142F81 /* Main.storyboard */ = {
			isa = PBXVariantGroup;
			children = (
				2892CAA4185AFFCD00848A99 /* en */,
			);
			name = Main.storyboard;
			sourceTree = "<group>";
		};
		28916786185AF30F00142F81 /* InfoPlist.strings */ = {
			isa = PBXVariantGroup;
			children = (
				28916787185AF30F00142F81 /* en */,
			);
			name = InfoPlist.strings;
			sourceTree = "<group>";
		};
/* End PBXVariantGroup section */

/* Begin XCBuildConfiguration section */
		2891678B185AF30F00142F81 /* Debug */ = {
			isa = XCBuildConfiguration;
			buildSettings = {
				ALWAYS_SEARCH_USER_PATHS = NO;
				CLANG_CXX_LANGUAGE_STANDARD = "gnu++0x";
				CLANG_CXX_LIBRARY = "libc++";
				CLANG_ENABLE_MODULES = YES;
				CLANG_ENABLE_OBJC_ARC = YES;
				CLANG_WARN_BOOL_CONVERSION = YES;
				CLANG_WARN_CONSTANT_CONVERSION = YES;
				CLANG_WARN_DIRECT_OBJC_ISA_USAGE = YES_ERROR;
				CLANG_WARN_EMPTY_BODY = YES;
				CLANG_WARN_ENUM_CONVERSION = YES;
				CLANG_WARN_INT_CONVERSION = YES;
				CLANG_WARN_OBJC_ROOT_CLASS = YES_ERROR;
				CLANG_WARN__DUPLICATE_METHOD_MATCH = YES;
				"CODE_SIGN_IDENTITY[sdk=iphoneos*]" = "iPhone Developer";
				COPY_PHASE_STRIP = NO;
				GCC_C_LANGUAGE_STANDARD = gnu99;
				GCC_DYNAMIC_NO_PIC = NO;
				GCC_OPTIMIZATION_LEVEL = 0;
				GCC_PREPROCESSOR_DEFINITIONS = (
					"DEBUG=1",
					"$(inherited)",
				);
				GCC_SYMBOLS_PRIVATE_EXTERN = NO;
				GCC_WARN_64_TO_32_BIT_CONVERSION = YES;
				GCC_WARN_ABOUT_RETURN_TYPE = YES_ERROR;
				GCC_WARN_UNDECLARED_SELECTOR = YES;
				GCC_WARN_UNINITIALIZED_AUTOS = YES;
				GCC_WARN_UNUSED_FUNCTION = YES;
				GCC_WARN_UNUSED_VARIABLE = YES;
				IPHONEOS_DEPLOYMENT_TARGET = 7.0;
				ONLY_ACTIVE_ARCH = YES;
				SDKROOT = iphoneos;
				TARGETED_DEVICE_FAMILY = "1,2";
			};
			name = Debug;
		};
		2891678C185AF30F00142F81 /* Release */ = {
			isa = XCBuildConfiguration;
			buildSettings = {
				ALWAYS_SEARCH_USER_PATHS = NO;
				CLANG_CXX_LANGUAGE_STANDARD = "gnu++0x";
				CLANG_CXX_LIBRARY = "libc++";
				CLANG_ENABLE_MODULES = YES;
				CLANG_ENABLE_OBJC_ARC = YES;
				CLANG_WARN_BOOL_CONVERSION = YES;
				CLANG_WARN_CONSTANT_CONVERSION = YES;
				CLANG_WARN_DIRECT_OBJC_ISA_USAGE = YES_ERROR;
				CLANG_WARN_EMPTY_BODY = YES;
				CLANG_WARN_ENUM_CONVERSION = YES;
				CLANG_WARN_INT_CONVERSION = YES;
				CLANG_WARN_OBJC_ROOT_CLASS = YES_ERROR;
				CLANG_WARN__DUPLICATE_METHOD_MATCH = YES;
				"CODE_SIGN_IDENTITY[sdk=iphoneos*]" = "iPhone Developer";
				COPY_PHASE_STRIP = YES;
				ENABLE_NS_ASSERTIONS = NO;
				GCC_C_LANGUAGE_STANDARD = gnu99;
				GCC_WARN_64_TO_32_BIT_CONVERSION = YES;
				GCC_WARN_ABOUT_RETURN_TYPE = YES_ERROR;
				GCC_WARN_UNDECLARED_SELECTOR = YES;
				GCC_WARN_UNINITIALIZED_AUTOS = YES;
				GCC_WARN_UNUSED_FUNCTION = YES;
				GCC_WARN_UNUSED_VARIABLE = YES;
				IPHONEOS_DEPLOYMENT_TARGET = 7.0;
				SDKROOT = iphoneos;
				TARGETED_DEVICE_FAMILY = "1,2";
				VALIDATE_PRODUCT = YES;
			};
			name = Release;
		};
		2891678E185AF30F00142F81 /* Debug */ = {
			isa = XCBuildConfiguration;
			buildSettings = {
				ASSETCATALOG_COMPILER_APPICON_NAME = AppIcon;
				ASSETCATALOG_COMPILER_LAUNCHIMAGE_NAME = LaunchImage;
				CLANG_ENABLE_MODULES = YES;
				GCC_PRECOMPILE_PREFIX_HEADER = YES;
				GCC_PREFIX_HEADER = "Easy/Easy-Prefix.pch";
				INFOPLIST_FILE = "Easy/Easy-Info.plist";
				IPHONEOS_DEPLOYMENT_TARGET = 7.0;
				LD_RUNPATH_SEARCH_PATHS = "$(inherited) @executable_path/Frameworks";
				PRODUCT_NAME = "$(TARGET_NAME)";
				SWIFT_OPTIMIZATION_LEVEL = "-Onone";
				WRAPPER_EXTENSION = app;
			};
			name = Debug;
		};
		2891678F185AF30F00142F81 /* Release */ = {
			isa = XCBuildConfiguration;
			buildSettings = {
				ASSETCATALOG_COMPILER_APPICON_NAME = AppIcon;
				ASSETCATALOG_COMPILER_LAUNCHIMAGE_NAME = LaunchImage;
				CLANG_ENABLE_MODULES = YES;
				GCC_PRECOMPILE_PREFIX_HEADER = YES;
				GCC_PREFIX_HEADER = "Easy/Easy-Prefix.pch";
				INFOPLIST_FILE = "Easy/Easy-Info.plist";
				IPHONEOS_DEPLOYMENT_TARGET = 7.0;
				LD_RUNPATH_SEARCH_PATHS = "$(inherited) @executable_path/Frameworks";
				PRODUCT_NAME = "$(TARGET_NAME)";
				WRAPPER_EXTENSION = app;
			};
			name = Release;
		};
		28916791185AF30F00142F81 /* Debug */ = {
			isa = XCBuildConfiguration;
			buildSettings = {
				BUNDLE_LOADER = "$(BUILT_PRODUCTS_DIR)/Easy.app/Easy";
				FRAMEWORK_SEARCH_PATHS = (
					"$(SDKROOT)/Developer/Library/Frameworks",
					"$(inherited)",
					"$(DEVELOPER_FRAMEWORKS_DIR)",
				);
				GCC_PRECOMPILE_PREFIX_HEADER = YES;
				GCC_PREFIX_HEADER = "Easy/Easy-Prefix.pch";
				GCC_PREPROCESSOR_DEFINITIONS = (
					"DEBUG=1",
					"$(inherited)",
				);
				INFOPLIST_FILE = "EasyTests/EasyTests-Info.plist";
				PRODUCT_NAME = "$(TARGET_NAME)";
				TEST_HOST = "$(BUNDLE_LOADER)";
				WRAPPER_EXTENSION = xctest;
			};
			name = Debug;
		};
		28916792185AF30F00142F81 /* Release */ = {
			isa = XCBuildConfiguration;
			buildSettings = {
				BUNDLE_LOADER = "$(BUILT_PRODUCTS_DIR)/Easy.app/Easy";
				FRAMEWORK_SEARCH_PATHS = (
					"$(SDKROOT)/Developer/Library/Frameworks",
					"$(inherited)",
					"$(DEVELOPER_FRAMEWORKS_DIR)",
				);
				GCC_PRECOMPILE_PREFIX_HEADER = YES;
				GCC_PREFIX_HEADER = "Easy/Easy-Prefix.pch";
				INFOPLIST_FILE = "EasyTests/EasyTests-Info.plist";
				PRODUCT_NAME = "$(TARGET_NAME)";
				TEST_HOST = "$(BUNDLE_LOADER)";
				WRAPPER_EXTENSION = xctest;
			};
			name = Release;
		};
/* End XCBuildConfiguration section */

/* Begin XCConfigurationList section */
		2891674A185AF30F00142F81 /* Build configuration list for PBXProject "Easy" */ = {
			isa = XCConfigurationList;
			buildConfigurations = (
				2891678B185AF30F00142F81 /* Debug */,
				2891678C185AF30F00142F81 /* Release */,
			);
			defaultConfigurationIsVisible = 0;
			defaultConfigurationName = Release;
		};
		2891678D185AF30F00142F81 /* Build configuration list for PBXNativeTarget "Easy" */ = {
			isa = XCConfigurationList;
			buildConfigurations = (
				2891678E185AF30F00142F81 /* Debug */,
				2891678F185AF30F00142F81 /* Release */,
			);
			defaultConfigurationIsVisible = 0;
			defaultConfigurationName = Release;
		};
		28916790185AF30F00142F81 /* Build configuration list for PBXNativeTarget "EasyTests" */ = {
			isa = XCConfigurationList;
			buildConfigurations = (
				28916791185AF30F00142F81 /* Debug */,
				28916792185AF30F00142F81 /* Release */,
			);
			defaultConfigurationIsVisible = 0;
			defaultConfigurationName = Release;
		};
/* End XCConfigurationList section */

/* Begin XCVersionGroup section */
		2891676C185AF30F00142F81 /* Easy.xcdatamodeld */ = {
			isa = XCVersionGroup;
			children = (
				2891676D185AF30F00142F81 /* Easy.xcdatamodel */,
			);
			currentVersion = 2891676D185AF30F00142F81 /* Easy.xcdatamodel */;
			path = Easy.xcdatamodeld;
			sourceTree = "<group>";
			versionGroupType = wrapper.xcdatamodel;
		};
/* End XCVersionGroup section */
	};
	rootObject = 28916747185AF30F00142F81 /* Project object */;
}
